{
  "originHash" : "9f6e32df9f0b057e83a08b0ba06a3e741e1947eba54dae91a2f411cb6185a03f",
  "pins" : [
    {
      "identity" : "nostr-sdk-ios",
      "kind" : "remoteSourceControl",
      "location" : "https://github.com/nostr-sdk/nostr-sdk-ios.git",
      "state" : {
        "revision" : "d08754d7e12b71e34157edaab8b221c385587601"
      }
    },
    {
      "identity" : "secp256k1.swift",
      "kind" : "remoteSourceControl",
      "location" : "https://github.com/GigaBitcoin/secp256k1.swift",
      "state" : {
        "revision" : "1a14e189def5eaa92f839afdd2faad8e43b61a6e",
        "version" : "0.12.2"
      }
    },
    {
      "identity" : "xcstrings-tool-plugin",
      "kind" : "remoteSourceControl",
      "location" : "https://github.com/liamnichols/xcstrings-tool-plugin.git",
      "state" : {
        "revision" : "cc6bd92b9f1a76d380327ea7c555cab9e7867a8c",
        "version" : "0.1.1"
      }
    }
  ],
  "version" : 3
}
