{
  "originHash" : "89e57c7c273b8f356043fd185eb8347100301a359c461c2fd02b542fde2b35da",
  "pins" : [
    {
      "identity" : "cryptoswift",
      "kind" : "remoteSourceControl",
      "location" : "https://github.com/krzyzanowskim/CryptoSwift.git",
      "state" : {
        "revision" : "c9c3df6ab812de32bae61fc0cd1bf6d45170ebf0",
        "version" : "1.8.2"
      }
    },
    {
      "identity" : "geohashkit",
      "kind" : "remoteSourceControl",
      "location" : "https://github.com/ualch9/GeohashKit.git",
      "state" : {
        "revision" : "d514b5af0b43bdb0a0912eaa036442f4d02f5661",
        "version" : "3.0.0"
      }
    },
    {
      "identity" : "kingfisher",
      "kind" : "remoteSourceControl",
      "location" : "https://github.com/onevcat/Kingfisher.git",
      "state" : {
        "revision" : "2ef543ee21d63734e1c004ad6c870255e8716c50",
        "version" : "7.12.0"
      }
    },
    {
      "identity" : "nostr-sdk-ios",
      "kind" : "remoteSourceControl",
      "location" : "https://github.com/nostr-sdk/nostr-sdk-ios.git",
      "state" : {
        "revision" : "02756578af55b9ac7119cdd4d8a1dfd39e15c2c3"
      }
    },
    {
      "identity" : "secp256k1.swift",
      "kind" : "remoteSourceControl",
      "location" : "https://github.com/GigaBitcoin/secp256k1.swift",
      "state" : {
        "revision" : "1a14e189def5eaa92f839afdd2faad8e43b61a6e",
        "version" : "0.12.2"
      }
    },
    {
      "identity" : "xcstrings-tool-plugin",
      "kind" : "remoteSourceControl",
      "location" : "https://github.com/liamnichols/xcstrings-tool-plugin.git",
      "state" : {
        "revision" : "cc6bd92b9f1a76d380327ea7c555cab9e7867a8c",
        "version" : "0.1.1"
      }
    }
  ],
  "version" : 3
}
