// !$*UTF8*$!
{
	archiveVersion = 1;
	classes = {
	};
	objectVersion = 56;
	objects = {

/* Begin PBXBuildFile section */
		3A052E3C2C3093F3000B5EA5 /* MetadataEvent+Extensions.swift in Sources */ = {isa = PBXBuildFile; fileRef = 3A052E3B2C3093F3000B5EA5 /* MetadataEvent+Extensions.swift */; };
		3A0A30BF2C272EAD00F8C9BC /* HomeView.swift in Sources */ = {isa = PBXBuildFile; fileRef = 3A0A30BE2C272EAD00F8C9BC /* HomeView.swift */; };
		3A2FF9742A3F6CE2009E1067 /* NostrSDK in Frameworks */ = {isa = PBXBuildFile; productRef = 3A2FF9732A3F6CE2009E1067 /* NostrSDK */; };
		3A2FF9782A3F6DFD009E1067 /* LoginView.swift in Sources */ = {isa = PBXBuildFile; fileRef = 3A2FF9772A3F6DFD009E1067 /* LoginView.swift */; };
		3A2FF9822A3FD68B009E1067 /* SettingsView.swift in Sources */ = {isa = PBXBuildFile; fileRef = 3A2FF9812A3FD68B009E1067 /* SettingsView.swift */; };
		3A2FF9842A40025B009E1067 /* AppState.swift in Sources */ = {isa = PBXBuildFile; fileRef = 3A2FF9832A40025B009E1067 /* AppState.swift */; };
		3A317BF62C5750B3004DA56B /* EventCreationOrModificationView.swift in Sources */ = {isa = PBXBuildFile; fileRef = 3A317BF52C5750B3004DA56B /* EventCreationOrModificationView.swift */; };
		3A317BF92C57F507004DA56B /* TimeZoneSelectionView.swift in Sources */ = {isa = PBXBuildFile; fileRef = 3A317BF82C57F507004DA56B /* TimeZoneSelectionView.swift */; };
		3A317BFD2C57FC2B004DA56B /* SwiftTrie in Frameworks */ = {isa = PBXBuildFile; productRef = 3A317BFC2C57FC2B004DA56B /* SwiftTrie */; };
		3A317C002C57FDAC004DA56B /* TimeZoneSortComparator.swift in Sources */ = {isa = PBXBuildFile; fileRef = 3A317BFF2C57FDAC004DA56B /* TimeZoneSortComparator.swift */; };
		3A317C032C58002E004DA56B /* TimeZone+Extensions.swift in Sources */ = {isa = PBXBuildFile; fileRef = 3A317C022C58002E004DA56B /* TimeZone+Extensions.swift */; };
		3A317C072C588D04004DA56B /* LicensesView.swift in Sources */ = {isa = PBXBuildFile; fileRef = 3A317C062C588D04004DA56B /* LicensesView.swift */; };
		3A317C0C2C58A282004DA56B /* ParticipantSearchView.swift in Sources */ = {isa = PBXBuildFile; fileRef = 3A317C0B2C58A282004DA56B /* ParticipantSearchView.swift */; };
		3A317C0F2C58ABD8004DA56B /* EventCreationParticipantSortComparator.swift in Sources */ = {isa = PBXBuildFile; fileRef = 3A317C0E2C58ABD8004DA56B /* EventCreationParticipantSortComparator.swift */; };
		3A317C132C594AFE004DA56B /* SearchViewModel.swift in Sources */ = {isa = PBXBuildFile; fileRef = 3A317C122C594AFE004DA56B /* SearchViewModel.swift */; };
		3A317C172C59BFAE004DA56B /* CalendarEventParticipantSortComparator.swift in Sources */ = {isa = PBXBuildFile; fileRef = 3A317C162C59BFAE004DA56B /* CalendarEventParticipantSortComparator.swift */; };
		3A317C192C59C130004DA56B /* PublicKeySortComparator.swift in Sources */ = {isa = PBXBuildFile; fileRef = 3A317C182C59C130004DA56B /* PublicKeySortComparator.swift */; };
		3A317C1C2C59C5EA004DA56B /* RSVPSortComparator.swift in Sources */ = {isa = PBXBuildFile; fileRef = 3A317C1B2C59C5EA004DA56B /* RSVPSortComparator.swift */; };
		3A317C202C59EC45004DA56B /* TimeBasedCalendarEvent+Extensions.swift in Sources */ = {isa = PBXBuildFile; fileRef = 3A317C1F2C59EC45004DA56B /* TimeBasedCalendarEvent+Extensions.swift */; };
		3A317C242C5A71E9004DA56B /* MKAutocompleteManager.swift in Sources */ = {isa = PBXBuildFile; fileRef = 3A317C232C5A71E9004DA56B /* MKAutocompleteManager.swift */; };
		3A317C272C5B4260004DA56B /* LocationSearchView.swift in Sources */ = {isa = PBXBuildFile; fileRef = 3A317C262C5B4260004DA56B /* LocationSearchView.swift */; };
		3A34194A2C50A36B0039620B /* PersistentNostrEvent.swift in Sources */ = {isa = PBXBuildFile; fileRef = 3A3419492C50A36B0039620B /* PersistentNostrEvent.swift */; };
		3A34194D2C50B2680039620B /* NostrEventValueTransformer.swift in Sources */ = {isa = PBXBuildFile; fileRef = 3A34194C2C50B2680039620B /* NostrEventValueTransformer.swift */; };
		3A34AAA32B48FE1F00C5F910 /* Localizable.xcstrings in Resources */ = {isa = PBXBuildFile; fileRef = 3A34AAA22B48FE1F00C5F910 /* Localizable.xcstrings */; };
		3A34AAAA2B491DE900C5F910 /* SwiftUI+LocalizedStringResource.swift in Sources */ = {isa = PBXBuildFile; fileRef = 3A34AAA92B491DE900C5F910 /* SwiftUI+LocalizedStringResource.swift */; };
		3A453DDC2A0B348100897303 /* ComingleApp.swift in Sources */ = {isa = PBXBuildFile; fileRef = 3A453DDB2A0B348100897303 /* ComingleApp.swift */; };
		3A453DDE2A0B348100897303 /* ContentView.swift in Sources */ = {isa = PBXBuildFile; fileRef = 3A453DDD2A0B348100897303 /* ContentView.swift */; };
		3A453DE02A0B348200897303 /* Assets.xcassets in Resources */ = {isa = PBXBuildFile; fileRef = 3A453DDF2A0B348200897303 /* Assets.xcassets */; };
		3A453DE42A0B348200897303 /* Preview Assets.xcassets in Resources */ = {isa = PBXBuildFile; fileRef = 3A453DE32A0B348200897303 /* Preview Assets.xcassets */; };
		3A453DEE2A0B348200897303 /* ComingleTests.swift in Sources */ = {isa = PBXBuildFile; fileRef = 3A453DED2A0B348200897303 /* ComingleTests.swift */; };
		3A453DF82A0B348200897303 /* ComingleUITests.swift in Sources */ = {isa = PBXBuildFile; fileRef = 3A453DF72A0B348200897303 /* ComingleUITests.swift */; };
		3A453DFA2A0B348200897303 /* ComingleUITestsLaunchTests.swift in Sources */ = {isa = PBXBuildFile; fileRef = 3A453DF92A0B348200897303 /* ComingleUITestsLaunchTests.swift */; };
		3A453E242A0C614900897303 /* EventView.swift in Sources */ = {isa = PBXBuildFile; fileRef = 3A453E1D2A0C614800897303 /* EventView.swift */; };
		3A464FF42C3A2A0800AD4B09 /* AppearanceSettings.swift in Sources */ = {isa = PBXBuildFile; fileRef = 3A464FF32C3A2A0800AD4B09 /* AppearanceSettings.swift */; };
		3A464FF62C3A2A5400AD4B09 /* TimeZonePreference.swift in Sources */ = {isa = PBXBuildFile; fileRef = 3A464FF52C3A2A5400AD4B09 /* TimeZonePreference.swift */; };
		3A464FF82C3A2C2000AD4B09 /* ProfileSettings.swift in Sources */ = {isa = PBXBuildFile; fileRef = 3A464FF72C3A2C2000AD4B09 /* ProfileSettings.swift */; };
		3A464FFC2C3A312200AD4B09 /* Profile.swift in Sources */ = {isa = PBXBuildFile; fileRef = 3A464FFB2C3A312200AD4B09 /* Profile.swift */; };
		3A464FFE2C3A34BE00AD4B09 /* AppSettings.swift in Sources */ = {isa = PBXBuildFile; fileRef = 3A464FFD2C3A34BE00AD4B09 /* AppSettings.swift */; };
		3A4A89872C3B49EF00238043 /* ProfileView.swift in Sources */ = {isa = PBXBuildFile; fileRef = 3A4A89862C3B49EF00238043 /* ProfileView.swift */; };
		3A4A898A2C3C240C00238043 /* ProfilePictureAndNameView.swift in Sources */ = {isa = PBXBuildFile; fileRef = 3A4A89892C3C240B00238043 /* ProfilePictureAndNameView.swift */; };
		3A4A89902C3CD88500238043 /* ProfilePictureView.swift in Sources */ = {isa = PBXBuildFile; fileRef = 3A4A898F2C3CD88500238043 /* ProfilePictureView.swift */; };
		3A4A89942C3CE40A00238043 /* GuestProfilePictureView.swift in Sources */ = {isa = PBXBuildFile; fileRef = 3A4A89932C3CE40900238043 /* GuestProfilePictureView.swift */; };
		3A4A89982C3CF24800238043 /* ProfileNameView.swift in Sources */ = {isa = PBXBuildFile; fileRef = 3A4A89972C3CF24800238043 /* ProfileNameView.swift */; };
		3A4A899B2C3CF38D00238043 /* Utilities.swift in Sources */ = {isa = PBXBuildFile; fileRef = 3A4A899A2C3CF38D00238043 /* Utilities.swift */; };
		3A4A89A22C3E3F6000238043 /* KeysSettingsView.swift in Sources */ = {isa = PBXBuildFile; fileRef = 3A4A89A12C3E3F6000238043 /* KeysSettingsView.swift */; };
		3A4A89A52C3E3F6800238043 /* RelaysSettingsView.swift in Sources */ = {isa = PBXBuildFile; fileRef = 3A4A89A42C3E3F6800238043 /* RelaysSettingsView.swift */; };
		3A4A89A72C3E3F7400238043 /* AppearanceSettingsView.swift in Sources */ = {isa = PBXBuildFile; fileRef = 3A4A89A62C3E3F7400238043 /* AppearanceSettingsView.swift */; };
		3A4A89AB2C3E4ECC00238043 /* PrivateKeySecureStorage.swift in Sources */ = {isa = PBXBuildFile; fileRef = 3A4A89AA2C3E4ECC00238043 /* PrivateKeySecureStorage.swift */; };
		3A4A89B12C3F9A4A00238043 /* RelayPoolSettings.swift in Sources */ = {isa = PBXBuildFile; fileRef = 3A4A89B02C3F9A4A00238043 /* RelayPoolSettings.swift */; };
		3A4B466F2C52094600307F23 /* ImageOverlayView.swift in Sources */ = {isa = PBXBuildFile; fileRef = 3A4B466E2C52094600307F23 /* ImageOverlayView.swift */; };
		3A4FCB3D2C34E567007AE9A4 /* Kingfisher in Frameworks */ = {isa = PBXBuildFile; productRef = 3A4FCB3C2C34E567007AE9A4 /* Kingfisher */; };
		3A4FCB462C34FD98007AE9A4 /* GeohashKit in Frameworks */ = {isa = PBXBuildFile; productRef = 3A4FCB452C34FD98007AE9A4 /* GeohashKit */; };
		3A4FCB502C36333A007AE9A4 /* EventListView.swift in Sources */ = {isa = PBXBuildFile; fileRef = 3A4FCB4F2C36333A007AE9A4 /* EventListView.swift */; };
		3A4FCB542C365C62007AE9A4 /* TimeBasedCalendarEventSortComparator.swift in Sources */ = {isa = PBXBuildFile; fileRef = 3A4FCB532C365C62007AE9A4 /* TimeBasedCalendarEventSortComparator.swift */; };
		3A6451852C44C879000DC75B /* RelaySettings.swift in Sources */ = {isa = PBXBuildFile; fileRef = 3A6451842C44C879000DC75B /* RelaySettings.swift */; };
/* End PBXBuildFile section */

/* Begin PBXContainerItemProxy section */
		3A453DEA2A0B348200897303 /* PBXContainerItemProxy */ = {
			isa = PBXContainerItemProxy;
			containerPortal = 3A453DD02A0B348100897303 /* Project object */;
			proxyType = 1;
			remoteGlobalIDString = 3A453DD72A0B348100897303;
			remoteInfo = Comingle;
		};
		3A453DF42A0B348200897303 /* PBXContainerItemProxy */ = {
			isa = PBXContainerItemProxy;
			containerPortal = 3A453DD02A0B348100897303 /* Project object */;
			proxyType = 1;
			remoteGlobalIDString = 3A453DD72A0B348100897303;
			remoteInfo = Comingle;
		};
/* End PBXContainerItemProxy section */

/* Begin PBXFileReference section */
		3A052E3B2C3093F3000B5EA5 /* MetadataEvent+Extensions.swift */ = {isa = PBXFileReference; lastKnownFileType = sourcecode.swift; path = "MetadataEvent+Extensions.swift"; sourceTree = "<group>"; };
		3A0A30BE2C272EAD00F8C9BC /* HomeView.swift */ = {isa = PBXFileReference; lastKnownFileType = sourcecode.swift; path = HomeView.swift; sourceTree = "<group>"; };
		3A2FF9772A3F6DFD009E1067 /* LoginView.swift */ = {isa = PBXFileReference; lastKnownFileType = sourcecode.swift; path = LoginView.swift; sourceTree = "<group>"; };
		3A2FF9812A3FD68B009E1067 /* SettingsView.swift */ = {isa = PBXFileReference; lastKnownFileType = sourcecode.swift; path = SettingsView.swift; sourceTree = "<group>"; };
		3A2FF9832A40025B009E1067 /* AppState.swift */ = {isa = PBXFileReference; lastKnownFileType = sourcecode.swift; path = AppState.swift; sourceTree = "<group>"; };
		3A317BF52C5750B3004DA56B /* EventCreationOrModificationView.swift */ = {isa = PBXFileReference; lastKnownFileType = sourcecode.swift; path = EventCreationOrModificationView.swift; sourceTree = "<group>"; };
		3A317BF82C57F507004DA56B /* TimeZoneSelectionView.swift */ = {isa = PBXFileReference; lastKnownFileType = sourcecode.swift; path = TimeZoneSelectionView.swift; sourceTree = "<group>"; };
		3A317BFF2C57FDAC004DA56B /* TimeZoneSortComparator.swift */ = {isa = PBXFileReference; lastKnownFileType = sourcecode.swift; path = TimeZoneSortComparator.swift; sourceTree = "<group>"; };
		3A317C022C58002E004DA56B /* TimeZone+Extensions.swift */ = {isa = PBXFileReference; lastKnownFileType = sourcecode.swift; path = "TimeZone+Extensions.swift"; sourceTree = "<group>"; };
		3A317C062C588D04004DA56B /* LicensesView.swift */ = {isa = PBXFileReference; lastKnownFileType = sourcecode.swift; path = LicensesView.swift; sourceTree = "<group>"; };
		3A317C0B2C58A282004DA56B /* ParticipantSearchView.swift */ = {isa = PBXFileReference; lastKnownFileType = sourcecode.swift; path = ParticipantSearchView.swift; sourceTree = "<group>"; };
		3A317C0E2C58ABD8004DA56B /* EventCreationParticipantSortComparator.swift */ = {isa = PBXFileReference; lastKnownFileType = sourcecode.swift; path = EventCreationParticipantSortComparator.swift; sourceTree = "<group>"; };
		3A317C122C594AFE004DA56B /* SearchViewModel.swift */ = {isa = PBXFileReference; lastKnownFileType = sourcecode.swift; path = SearchViewModel.swift; sourceTree = "<group>"; };
		3A317C162C59BFAE004DA56B /* CalendarEventParticipantSortComparator.swift */ = {isa = PBXFileReference; fileEncoding = 4; lastKnownFileType = sourcecode.swift; path = CalendarEventParticipantSortComparator.swift; sourceTree = "<group>"; };
		3A317C182C59C130004DA56B /* PublicKeySortComparator.swift */ = {isa = PBXFileReference; lastKnownFileType = sourcecode.swift; path = PublicKeySortComparator.swift; sourceTree = "<group>"; };
		3A317C1B2C59C5EA004DA56B /* RSVPSortComparator.swift */ = {isa = PBXFileReference; lastKnownFileType = sourcecode.swift; path = RSVPSortComparator.swift; sourceTree = "<group>"; };
		3A317C1F2C59EC45004DA56B /* TimeBasedCalendarEvent+Extensions.swift */ = {isa = PBXFileReference; lastKnownFileType = sourcecode.swift; path = "TimeBasedCalendarEvent+Extensions.swift"; sourceTree = "<group>"; };
		3A317C232C5A71E9004DA56B /* MKAutocompleteManager.swift */ = {isa = PBXFileReference; lastKnownFileType = sourcecode.swift; path = MKAutocompleteManager.swift; sourceTree = "<group>"; };
		3A317C262C5B4260004DA56B /* LocationSearchView.swift */ = {isa = PBXFileReference; lastKnownFileType = sourcecode.swift; path = LocationSearchView.swift; sourceTree = "<group>"; };
		3A3419492C50A36B0039620B /* PersistentNostrEvent.swift */ = {isa = PBXFileReference; lastKnownFileType = sourcecode.swift; path = PersistentNostrEvent.swift; sourceTree = "<group>"; };
		3A34194C2C50B2680039620B /* NostrEventValueTransformer.swift */ = {isa = PBXFileReference; lastKnownFileType = sourcecode.swift; path = NostrEventValueTransformer.swift; sourceTree = "<group>"; };
		3A34AAA22B48FE1F00C5F910 /* Localizable.xcstrings */ = {isa = PBXFileReference; lastKnownFileType = text.json.xcstrings; path = Localizable.xcstrings; sourceTree = "<group>"; };
		3A34AAA92B491DE900C5F910 /* SwiftUI+LocalizedStringResource.swift */ = {isa = PBXFileReference; lastKnownFileType = sourcecode.swift; path = "SwiftUI+LocalizedStringResource.swift"; sourceTree = "<group>"; };
		3A453DD82A0B348100897303 /* Comingle.app */ = {isa = PBXFileReference; explicitFileType = wrapper.application; includeInIndex = 0; path = Comingle.app; sourceTree = BUILT_PRODUCTS_DIR; };
		3A453DDB2A0B348100897303 /* ComingleApp.swift */ = {isa = PBXFileReference; lastKnownFileType = sourcecode.swift; path = ComingleApp.swift; sourceTree = "<group>"; };
		3A453DDD2A0B348100897303 /* ContentView.swift */ = {isa = PBXFileReference; lastKnownFileType = sourcecode.swift; path = ContentView.swift; sourceTree = "<group>"; };
		3A453DDF2A0B348200897303 /* Assets.xcassets */ = {isa = PBXFileReference; lastKnownFileType = folder.assetcatalog; path = Assets.xcassets; sourceTree = "<group>"; };
		3A453DE12A0B348200897303 /* Comingle.entitlements */ = {isa = PBXFileReference; lastKnownFileType = text.plist.entitlements; path = Comingle.entitlements; sourceTree = "<group>"; };
		3A453DE32A0B348200897303 /* Preview Assets.xcassets */ = {isa = PBXFileReference; lastKnownFileType = folder.assetcatalog; path = "Preview Assets.xcassets"; sourceTree = "<group>"; };
		3A453DE92A0B348200897303 /* ComingleTests.xctest */ = {isa = PBXFileReference; explicitFileType = wrapper.cfbundle; includeInIndex = 0; path = ComingleTests.xctest; sourceTree = BUILT_PRODUCTS_DIR; };
		3A453DED2A0B348200897303 /* ComingleTests.swift */ = {isa = PBXFileReference; lastKnownFileType = sourcecode.swift; path = ComingleTests.swift; sourceTree = "<group>"; };
		3A453DF32A0B348200897303 /* ComingleUITests.xctest */ = {isa = PBXFileReference; explicitFileType = wrapper.cfbundle; includeInIndex = 0; path = ComingleUITests.xctest; sourceTree = BUILT_PRODUCTS_DIR; };
		3A453DF72A0B348200897303 /* ComingleUITests.swift */ = {isa = PBXFileReference; lastKnownFileType = sourcecode.swift; path = ComingleUITests.swift; sourceTree = "<group>"; };
		3A453DF92A0B348200897303 /* ComingleUITestsLaunchTests.swift */ = {isa = PBXFileReference; lastKnownFileType = sourcecode.swift; path = ComingleUITestsLaunchTests.swift; sourceTree = "<group>"; };
		3A453E1D2A0C614800897303 /* EventView.swift */ = {isa = PBXFileReference; fileEncoding = 4; lastKnownFileType = sourcecode.swift; path = EventView.swift; sourceTree = "<group>"; };
		3A464FF32C3A2A0800AD4B09 /* AppearanceSettings.swift */ = {isa = PBXFileReference; lastKnownFileType = sourcecode.swift; path = AppearanceSettings.swift; sourceTree = "<group>"; };
		3A464FF52C3A2A5400AD4B09 /* TimeZonePreference.swift */ = {isa = PBXFileReference; lastKnownFileType = sourcecode.swift; path = TimeZonePreference.swift; sourceTree = "<group>"; };
		3A464FF72C3A2C2000AD4B09 /* ProfileSettings.swift */ = {isa = PBXFileReference; lastKnownFileType = sourcecode.swift; path = ProfileSettings.swift; sourceTree = "<group>"; };
		3A464FFB2C3A312200AD4B09 /* Profile.swift */ = {isa = PBXFileReference; lastKnownFileType = sourcecode.swift; path = Profile.swift; sourceTree = "<group>"; };
		3A464FFD2C3A34BE00AD4B09 /* AppSettings.swift */ = {isa = PBXFileReference; lastKnownFileType = sourcecode.swift; path = AppSettings.swift; sourceTree = "<group>"; };
		3A4A89862C3B49EF00238043 /* ProfileView.swift */ = {isa = PBXFileReference; lastKnownFileType = sourcecode.swift; path = ProfileView.swift; sourceTree = "<group>"; };
		3A4A89892C3C240B00238043 /* ProfilePictureAndNameView.swift */ = {isa = PBXFileReference; lastKnownFileType = sourcecode.swift; path = ProfilePictureAndNameView.swift; sourceTree = "<group>"; };
		3A4A898F2C3CD88500238043 /* ProfilePictureView.swift */ = {isa = PBXFileReference; lastKnownFileType = sourcecode.swift; path = ProfilePictureView.swift; sourceTree = "<group>"; };
		3A4A89932C3CE40900238043 /* GuestProfilePictureView.swift */ = {isa = PBXFileReference; lastKnownFileType = sourcecode.swift; path = GuestProfilePictureView.swift; sourceTree = "<group>"; };
		3A4A89972C3CF24800238043 /* ProfileNameView.swift */ = {isa = PBXFileReference; lastKnownFileType = sourcecode.swift; path = ProfileNameView.swift; sourceTree = "<group>"; };
		3A4A899A2C3CF38D00238043 /* Utilities.swift */ = {isa = PBXFileReference; lastKnownFileType = sourcecode.swift; path = Utilities.swift; sourceTree = "<group>"; };
		3A4A89A12C3E3F6000238043 /* KeysSettingsView.swift */ = {isa = PBXFileReference; lastKnownFileType = sourcecode.swift; path = KeysSettingsView.swift; sourceTree = "<group>"; };
		3A4A89A42C3E3F6800238043 /* RelaysSettingsView.swift */ = {isa = PBXFileReference; lastKnownFileType = sourcecode.swift; path = RelaysSettingsView.swift; sourceTree = "<group>"; };
		3A4A89A62C3E3F7400238043 /* AppearanceSettingsView.swift */ = {isa = PBXFileReference; lastKnownFileType = sourcecode.swift; path = AppearanceSettingsView.swift; sourceTree = "<group>"; };
		3A4A89AA2C3E4ECC00238043 /* PrivateKeySecureStorage.swift */ = {isa = PBXFileReference; fileEncoding = 4; lastKnownFileType = sourcecode.swift; path = PrivateKeySecureStorage.swift; sourceTree = "<group>"; };
		3A4A89B02C3F9A4A00238043 /* RelayPoolSettings.swift */ = {isa = PBXFileReference; lastKnownFileType = sourcecode.swift; path = RelayPoolSettings.swift; sourceTree = "<group>"; };
		3A4B466E2C52094600307F23 /* ImageOverlayView.swift */ = {isa = PBXFileReference; lastKnownFileType = sourcecode.swift; path = ImageOverlayView.swift; sourceTree = "<group>"; };
		3A4FCB4F2C36333A007AE9A4 /* EventListView.swift */ = {isa = PBXFileReference; lastKnownFileType = sourcecode.swift; path = EventListView.swift; sourceTree = "<group>"; };
		3A4FCB532C365C62007AE9A4 /* TimeBasedCalendarEventSortComparator.swift */ = {isa = PBXFileReference; lastKnownFileType = sourcecode.swift; path = TimeBasedCalendarEventSortComparator.swift; sourceTree = "<group>"; };
		3A6451842C44C879000DC75B /* RelaySettings.swift */ = {isa = PBXFileReference; lastKnownFileType = sourcecode.swift; path = RelaySettings.swift; sourceTree = "<group>"; };
/* End PBXFileReference section */

/* Begin PBXFrameworksBuildPhase section */
		3A453DD52A0B348100897303 /* Frameworks */ = {
			isa = PBXFrameworksBuildPhase;
			buildActionMask = 2147483647;
			files = (
				3A4FCB3D2C34E567007AE9A4 /* Kingfisher in Frameworks */,
				3A4FCB462C34FD98007AE9A4 /* GeohashKit in Frameworks */,
				3A317BFD2C57FC2B004DA56B /* SwiftTrie in Frameworks */,
				3A2FF9742A3F6CE2009E1067 /* NostrSDK in Frameworks */,
			);
			runOnlyForDeploymentPostprocessing = 0;
		};
		3A453DE62A0B348200897303 /* Frameworks */ = {
			isa = PBXFrameworksBuildPhase;
			buildActionMask = 2147483647;
			files = (
			);
			runOnlyForDeploymentPostprocessing = 0;
		};
		3A453DF02A0B348200897303 /* Frameworks */ = {
			isa = PBXFrameworksBuildPhase;
			buildActionMask = 2147483647;
			files = (
			);
			runOnlyForDeploymentPostprocessing = 0;
		};
/* End PBXFrameworksBuildPhase section */

/* Begin PBXGroup section */
		3A34AAA02B48FDA900C5F910 /* Assets */ = {
			isa = PBXGroup;
			children = (
				3A453DDF2A0B348200897303 /* Assets.xcassets */,
				3A34AAA12B48FDBA00C5F910 /* Localization */,
			);
			path = Assets;
			sourceTree = "<group>";
		};
		3A34AAA12B48FDBA00C5F910 /* Localization */ = {
			isa = PBXGroup;
			children = (
				3A34AAA22B48FE1F00C5F910 /* Localizable.xcstrings */,
			);
			path = Localization;
			sourceTree = "<group>";
		};
		3A34AAA82B491D9700C5F910 /* Extensions */ = {
			isa = PBXGroup;
			children = (
				3A34AAA92B491DE900C5F910 /* SwiftUI+LocalizedStringResource.swift */,
			);
			path = Extensions;
			sourceTree = "<group>";
		};
		3A453DCF2A0B348100897303 = {
			isa = PBXGroup;
			children = (
				3A453DDA2A0B348100897303 /* Comingle */,
				3A453DEC2A0B348200897303 /* ComingleTests */,
				3A453DF62A0B348200897303 /* ComingleUITests */,
				3A453DD92A0B348100897303 /* Products */,
			);
			sourceTree = "<group>";
		};
		3A453DD92A0B348100897303 /* Products */ = {
			isa = PBXGroup;
			children = (
				3A453DD82A0B348100897303 /* Comingle.app */,
				3A453DE92A0B348200897303 /* ComingleTests.xctest */,
				3A453DF32A0B348200897303 /* ComingleUITests.xctest */,
			);
			name = Products;
			sourceTree = "<group>";
		};
		3A453DDA2A0B348100897303 /* Comingle */ = {
			isa = PBXGroup;
			children = (
				3A34AAA02B48FDA900C5F910 /* Assets */,
				3A4647CD2A4113E800386AD8 /* Controllers */,
				3A453E152A0C611300897303 /* Models */,
				3A4A89A82C3E4E8F00238043 /* Utilities */,
				3A453E162A0C611800897303 /* Views */,
				3A453DDB2A0B348100897303 /* ComingleApp.swift */,
				3A453DE12A0B348200897303 /* Comingle.entitlements */,
				3A453DE22A0B348200897303 /* Preview Content */,
			);
			path = Comingle;
			sourceTree = "<group>";
		};
		3A453DE22A0B348200897303 /* Preview Content */ = {
			isa = PBXGroup;
			children = (
				3A453DE32A0B348200897303 /* Preview Assets.xcassets */,
			);
			path = "Preview Content";
			sourceTree = "<group>";
		};
		3A453DEC2A0B348200897303 /* ComingleTests */ = {
			isa = PBXGroup;
			children = (
				3A453DED2A0B348200897303 /* ComingleTests.swift */,
			);
			path = ComingleTests;
			sourceTree = "<group>";
		};
		3A453DF62A0B348200897303 /* ComingleUITests */ = {
			isa = PBXGroup;
			children = (
				3A453DF72A0B348200897303 /* ComingleUITests.swift */,
				3A453DF92A0B348200897303 /* ComingleUITestsLaunchTests.swift */,
			);
			path = ComingleUITests;
			sourceTree = "<group>";
		};
		3A453E152A0C611300897303 /* Models */ = {
			isa = PBXGroup;
			children = (
				3A464FF22C3A296400AD4B09 /* Settings */,
				3A317C162C59BFAE004DA56B /* CalendarEventParticipantSortComparator.swift */,
				3A317C0E2C58ABD8004DA56B /* EventCreationParticipantSortComparator.swift */,
				3A317C232C5A71E9004DA56B /* MKAutocompleteManager.swift */,
				3A052E3B2C3093F3000B5EA5 /* MetadataEvent+Extensions.swift */,
				3A34194C2C50B2680039620B /* NostrEventValueTransformer.swift */,
				3A3419492C50A36B0039620B /* PersistentNostrEvent.swift */,
				3A464FFB2C3A312200AD4B09 /* Profile.swift */,
				3A317C182C59C130004DA56B /* PublicKeySortComparator.swift */,
				3A317C1B2C59C5EA004DA56B /* RSVPSortComparator.swift */,
				3A317C122C594AFE004DA56B /* SearchViewModel.swift */,
				3A4FCB532C365C62007AE9A4 /* TimeBasedCalendarEventSortComparator.swift */,
				3A317C1F2C59EC45004DA56B /* TimeBasedCalendarEvent+Extensions.swift */,
				3A317BFF2C57FDAC004DA56B /* TimeZoneSortComparator.swift */,
				3A317C022C58002E004DA56B /* TimeZone+Extensions.swift */,
			);
			path = Models;
			sourceTree = "<group>";
		};
		3A453E162A0C611800897303 /* Views */ = {
			isa = PBXGroup;
			children = (
				3A34AAA82B491D9700C5F910 /* Extensions */,
				3A464FED2C3A273000AD4B09 /* Settings */,
				3A453DDD2A0B348100897303 /* ContentView.swift */,
				3A317BF52C5750B3004DA56B /* EventCreationOrModificationView.swift */,
				3A4FCB4F2C36333A007AE9A4 /* EventListView.swift */,
				3A453E1D2A0C614800897303 /* EventView.swift */,
				3A4A89932C3CE40900238043 /* GuestProfilePictureView.swift */,
				3A0A30BE2C272EAD00F8C9BC /* HomeView.swift */,
				3A4B466E2C52094600307F23 /* ImageOverlayView.swift */,
				3A317C062C588D04004DA56B /* LicensesView.swift */,
				3A317C262C5B4260004DA56B /* LocationSearchView.swift */,
				3A2FF9772A3F6DFD009E1067 /* LoginView.swift */,
				3A4A89972C3CF24800238043 /* ProfileNameView.swift */,
				3A4A89892C3C240B00238043 /* ProfilePictureAndNameView.swift */,
				3A4A898F2C3CD88500238043 /* ProfilePictureView.swift */,
				3A317C0B2C58A282004DA56B /* ParticipantSearchView.swift */,
				3A4A89862C3B49EF00238043 /* ProfileView.swift */,
				3A317BF82C57F507004DA56B /* TimeZoneSelectionView.swift */,
			);
			path = Views;
			sourceTree = "<group>";
		};
		3A4647CD2A4113E800386AD8 /* Controllers */ = {
			isa = PBXGroup;
			children = (
				3A2FF9832A40025B009E1067 /* AppState.swift */,
			);
			path = Controllers;
			sourceTree = "<group>";
		};
		3A464FED2C3A273000AD4B09 /* Settings */ = {
			isa = PBXGroup;
			children = (
				3A4A89A62C3E3F7400238043 /* AppearanceSettingsView.swift */,
				3A4A89A12C3E3F6000238043 /* KeysSettingsView.swift */,
				3A4A89A42C3E3F6800238043 /* RelaysSettingsView.swift */,
				3A2FF9812A3FD68B009E1067 /* SettingsView.swift */,
			);
			path = Settings;
			sourceTree = "<group>";
		};
		3A464FF22C3A296400AD4B09 /* Settings */ = {
			isa = PBXGroup;
			children = (
				3A464FF32C3A2A0800AD4B09 /* AppearanceSettings.swift */,
				3A464FFD2C3A34BE00AD4B09 /* AppSettings.swift */,
				3A464FF72C3A2C2000AD4B09 /* ProfileSettings.swift */,
				3A6451842C44C879000DC75B /* RelaySettings.swift */,
				3A4A89B02C3F9A4A00238043 /* RelayPoolSettings.swift */,
				3A464FF52C3A2A5400AD4B09 /* TimeZonePreference.swift */,
			);
			path = Settings;
			sourceTree = "<group>";
		};
		3A4A89A82C3E4E8F00238043 /* Utilities */ = {
			isa = PBXGroup;
			children = (
				3A4A89AA2C3E4ECC00238043 /* PrivateKeySecureStorage.swift */,
				3A4A899A2C3CF38D00238043 /* Utilities.swift */,
			);
			path = Utilities;
			sourceTree = "<group>";
		};
/* End PBXGroup section */

/* Begin PBXNativeTarget section */
		3A453DD72A0B348100897303 /* Comingle */ = {
			isa = PBXNativeTarget;
			buildConfigurationList = 3A453DFD2A0B348200897303 /* Build configuration list for PBXNativeTarget "Comingle" */;
			buildPhases = (
				3A453E0E2A0B3BE200897303 /* SwiftLint */,
				3A453DD42A0B348100897303 /* Sources */,
				3A453DD52A0B348100897303 /* Frameworks */,
				3A453DD62A0B348100897303 /* Resources */,
			);
			buildRules = (
			);
			dependencies = (
				3A34AAA62B48FF9400C5F910 /* PBXTargetDependency */,
			);
			name = Comingle;
			packageProductDependencies = (
				3A2FF9732A3F6CE2009E1067 /* NostrSDK */,
				3A4FCB3C2C34E567007AE9A4 /* Kingfisher */,
				3A4FCB452C34FD98007AE9A4 /* GeohashKit */,
				3A317BFC2C57FC2B004DA56B /* SwiftTrie */,
			);
			productName = Comingle;
			productReference = 3A453DD82A0B348100897303 /* Comingle.app */;
			productType = "com.apple.product-type.application";
		};
		3A453DE82A0B348200897303 /* ComingleTests */ = {
			isa = PBXNativeTarget;
			buildConfigurationList = 3A453E002A0B348200897303 /* Build configuration list for PBXNativeTarget "ComingleTests" */;
			buildPhases = (
				3A453DE52A0B348200897303 /* Sources */,
				3A453DE62A0B348200897303 /* Frameworks */,
				3A453DE72A0B348200897303 /* Resources */,
			);
			buildRules = (
			);
			dependencies = (
				3A453DEB2A0B348200897303 /* PBXTargetDependency */,
			);
			name = ComingleTests;
			productName = ComingleTests;
			productReference = 3A453DE92A0B348200897303 /* ComingleTests.xctest */;
			productType = "com.apple.product-type.bundle.unit-test";
		};
		3A453DF22A0B348200897303 /* ComingleUITests */ = {
			isa = PBXNativeTarget;
			buildConfigurationList = 3A453E032A0B348200897303 /* Build configuration list for PBXNativeTarget "ComingleUITests" */;
			buildPhases = (
				3A453DEF2A0B348200897303 /* Sources */,
				3A453DF02A0B348200897303 /* Frameworks */,
				3A453DF12A0B348200897303 /* Resources */,
			);
			buildRules = (
			);
			dependencies = (
				3A453DF52A0B348200897303 /* PBXTargetDependency */,
			);
			name = ComingleUITests;
			productName = ComingleUITests;
			productReference = 3A453DF32A0B348200897303 /* ComingleUITests.xctest */;
			productType = "com.apple.product-type.bundle.ui-testing";
		};
/* End PBXNativeTarget section */

/* Begin PBXProject section */
		3A453DD02A0B348100897303 /* Project object */ = {
			isa = PBXProject;
			attributes = {
				BuildIndependentTargetsInParallel = 1;
				LastSwiftUpdateCheck = 1430;
				LastUpgradeCheck = 1510;
				TargetAttributes = {
					3A453DD72A0B348100897303 = {
						CreatedOnToolsVersion = 14.3;
					};
					3A453DE82A0B348200897303 = {
						CreatedOnToolsVersion = 14.3;
						TestTargetID = 3A453DD72A0B348100897303;
					};
					3A453DF22A0B348200897303 = {
						CreatedOnToolsVersion = 14.3;
						TestTargetID = 3A453DD72A0B348100897303;
					};
				};
			};
			buildConfigurationList = 3A453DD32A0B348100897303 /* Build configuration list for PBXProject "Comingle" */;
			compatibilityVersion = "Xcode 14.0";
			developmentRegion = en;
			hasScannedForEncodings = 0;
			knownRegions = (
				en,
				Base,
			);
			mainGroup = 3A453DCF2A0B348100897303;
			packageReferences = (
				3A2FF9722A3F6CE2009E1067 /* XCRemoteSwiftPackageReference "nostr-sdk-ios" */,
				3A34AAA42B48FF7B00C5F910 /* XCRemoteSwiftPackageReference "xcstrings-tool-plugin" */,
				3A4FCB3B2C34E567007AE9A4 /* XCRemoteSwiftPackageReference "Kingfisher" */,
				3A4FCB442C34FD98007AE9A4 /* XCRemoteSwiftPackageReference "GeohashKit" */,
				3A317BFB2C57FC2B004DA56B /* XCRemoteSwiftPackageReference "swift-trie" */,
			);
			productRefGroup = 3A453DD92A0B348100897303 /* Products */;
			projectDirPath = "";
			projectRoot = "";
			targets = (
				3A453DD72A0B348100897303 /* Comingle */,
				3A453DE82A0B348200897303 /* ComingleTests */,
				3A453DF22A0B348200897303 /* ComingleUITests */,
			);
		};
/* End PBXProject section */

/* Begin PBXResourcesBuildPhase section */
		3A453DD62A0B348100897303 /* Resources */ = {
			isa = PBXResourcesBuildPhase;
			buildActionMask = 2147483647;
			files = (
				3A453DE42A0B348200897303 /* Preview Assets.xcassets in Resources */,
				3A453DE02A0B348200897303 /* Assets.xcassets in Resources */,
				3A34AAA32B48FE1F00C5F910 /* Localizable.xcstrings in Resources */,
			);
			runOnlyForDeploymentPostprocessing = 0;
		};
		3A453DE72A0B348200897303 /* Resources */ = {
			isa = PBXResourcesBuildPhase;
			buildActionMask = 2147483647;
			files = (
			);
			runOnlyForDeploymentPostprocessing = 0;
		};
		3A453DF12A0B348200897303 /* Resources */ = {
			isa = PBXResourcesBuildPhase;
			buildActionMask = 2147483647;
			files = (
			);
			runOnlyForDeploymentPostprocessing = 0;
		};
/* End PBXResourcesBuildPhase section */

/* Begin PBXShellScriptBuildPhase section */
		3A453E0E2A0B3BE200897303 /* SwiftLint */ = {
			isa = PBXShellScriptBuildPhase;
			alwaysOutOfDate = 1;
			buildActionMask = 2147483647;
			files = (
			);
			inputFileListPaths = (
			);
			inputPaths = (
			);
			name = SwiftLint;
			outputFileListPaths = (
			);
			outputPaths = (
			);
			runOnlyForDeploymentPostprocessing = 0;
			shellPath = /bin/sh;
			shellScript = "if [[ \"$(uname -m)\" == arm64 ]]; then\n    export PATH=\"/opt/homebrew/bin:$PATH\"\nfi\n\nif which swiftlint > /dev/null; then\n  swiftlint\nelse\n  echo \"warning: SwiftLint not installed, download from https://github.com/realm/SwiftLint\"\nfi\n";
		};
/* End PBXShellScriptBuildPhase section */

/* Begin PBXSourcesBuildPhase section */
		3A453DD42A0B348100897303 /* Sources */ = {
			isa = PBXSourcesBuildPhase;
			buildActionMask = 2147483647;
			files = (
				3A4A89872C3B49EF00238043 /* ProfileView.swift in Sources */,
				3A317C0C2C58A282004DA56B /* ParticipantSearchView.swift in Sources */,
				3A453E242A0C614900897303 /* EventView.swift in Sources */,
				3A464FF42C3A2A0800AD4B09 /* AppearanceSettings.swift in Sources */,
				3A2FF9842A40025B009E1067 /* AppState.swift in Sources */,
				3A317BF62C5750B3004DA56B /* EventCreationOrModificationView.swift in Sources */,
				3A317BF92C57F507004DA56B /* TimeZoneSelectionView.swift in Sources */,
				3A317C072C588D04004DA56B /* LicensesView.swift in Sources */,
				3A4A89A22C3E3F6000238043 /* KeysSettingsView.swift in Sources */,
				3A317C242C5A71E9004DA56B /* MKAutocompleteManager.swift in Sources */,
				3A34AAAA2B491DE900C5F910 /* SwiftUI+LocalizedStringResource.swift in Sources */,
				3A317C172C59BFAE004DA56B /* CalendarEventParticipantSortComparator.swift in Sources */,
				3A4A898A2C3C240C00238043 /* ProfilePictureAndNameView.swift in Sources */,
				3A317C272C5B4260004DA56B /* LocationSearchView.swift in Sources */,
				3A4A89942C3CE40A00238043 /* GuestProfilePictureView.swift in Sources */,
				3A464FF82C3A2C2000AD4B09 /* ProfileSettings.swift in Sources */,
				3A4A89B12C3F9A4A00238043 /* RelayPoolSettings.swift in Sources */,
				3A317C192C59C130004DA56B /* PublicKeySortComparator.swift in Sources */,
				3A2FF9822A3FD68B009E1067 /* SettingsView.swift in Sources */,
				3A464FF62C3A2A5400AD4B09 /* TimeZonePreference.swift in Sources */,
				3A4FCB542C365C62007AE9A4 /* TimeBasedCalendarEventSortComparator.swift in Sources */,
				3A453DDE2A0B348100897303 /* ContentView.swift in Sources */,
				3A317C132C594AFE004DA56B /* SearchViewModel.swift in Sources */,
				3A453DDC2A0B348100897303 /* ComingleApp.swift in Sources */,
				3A2FF9782A3F6DFD009E1067 /* LoginView.swift in Sources */,
				3A4A89A52C3E3F6800238043 /* RelaysSettingsView.swift in Sources */,
				3A4B466F2C52094600307F23 /* ImageOverlayView.swift in Sources */,
				3A317C002C57FDAC004DA56B /* TimeZoneSortComparator.swift in Sources */,
				3A34194A2C50A36B0039620B /* PersistentNostrEvent.swift in Sources */,
				3A317C0F2C58ABD8004DA56B /* EventCreationParticipantSortComparator.swift in Sources */,
				3A464FFE2C3A34BE00AD4B09 /* AppSettings.swift in Sources */,
				3A317C202C59EC45004DA56B /* TimeBasedCalendarEvent+Extensions.swift in Sources */,
				3A317C032C58002E004DA56B /* TimeZone+Extensions.swift in Sources */,
				3A0A30BF2C272EAD00F8C9BC /* HomeView.swift in Sources */,
				3A4FCB502C36333A007AE9A4 /* EventListView.swift in Sources */,
				3A4A89A72C3E3F7400238043 /* AppearanceSettingsView.swift in Sources */,
				3A34194D2C50B2680039620B /* NostrEventValueTransformer.swift in Sources */,
				3A464FFC2C3A312200AD4B09 /* Profile.swift in Sources */,
				3A6451852C44C879000DC75B /* RelaySettings.swift in Sources */,
				3A4A89982C3CF24800238043 /* ProfileNameView.swift in Sources */,
				3A052E3C2C3093F3000B5EA5 /* MetadataEvent+Extensions.swift in Sources */,
				3A4A899B2C3CF38D00238043 /* Utilities.swift in Sources */,
				3A4A89902C3CD88500238043 /* ProfilePictureView.swift in Sources */,
				3A317C1C2C59C5EA004DA56B /* RSVPSortComparator.swift in Sources */,
				3A4A89AB2C3E4ECC00238043 /* PrivateKeySecureStorage.swift in Sources */,
			);
			runOnlyForDeploymentPostprocessing = 0;
		};
		3A453DE52A0B348200897303 /* Sources */ = {
			isa = PBXSourcesBuildPhase;
			buildActionMask = 2147483647;
			files = (
				3A453DEE2A0B348200897303 /* ComingleTests.swift in Sources */,
			);
			runOnlyForDeploymentPostprocessing = 0;
		};
		3A453DEF2A0B348200897303 /* Sources */ = {
			isa = PBXSourcesBuildPhase;
			buildActionMask = 2147483647;
			files = (
				3A453DFA2A0B348200897303 /* ComingleUITestsLaunchTests.swift in Sources */,
				3A453DF82A0B348200897303 /* ComingleUITests.swift in Sources */,
			);
			runOnlyForDeploymentPostprocessing = 0;
		};
/* End PBXSourcesBuildPhase section */

/* Begin PBXTargetDependency section */
		3A34AAA62B48FF9400C5F910 /* PBXTargetDependency */ = {
			isa = PBXTargetDependency;
			productRef = 3A34AAA52B48FF9400C5F910 /* XCStringsToolPlugin */;
		};
		3A453DEB2A0B348200897303 /* PBXTargetDependency */ = {
			isa = PBXTargetDependency;
			target = 3A453DD72A0B348100897303 /* Comingle */;
			targetProxy = 3A453DEA2A0B348200897303 /* PBXContainerItemProxy */;
		};
		3A453DF52A0B348200897303 /* PBXTargetDependency */ = {
			isa = PBXTargetDependency;
			target = 3A453DD72A0B348100897303 /* Comingle */;
			targetProxy = 3A453DF42A0B348200897303 /* PBXContainerItemProxy */;
		};
/* End PBXTargetDependency section */

/* Begin XCBuildConfiguration section */
		3A453DFB2A0B348200897303 /* Debug */ = {
			isa = XCBuildConfiguration;
			buildSettings = {
				ALWAYS_SEARCH_USER_PATHS = NO;
				ASSETCATALOG_COMPILER_GENERATE_SWIFT_ASSET_SYMBOL_EXTENSIONS = YES;
				CLANG_ANALYZER_NONNULL = YES;
				CLANG_ANALYZER_NUMBER_OBJECT_CONVERSION = YES_AGGRESSIVE;
				CLANG_CXX_LANGUAGE_STANDARD = "gnu++20";
				CLANG_ENABLE_MODULES = YES;
				CLANG_ENABLE_OBJC_ARC = YES;
				CLANG_ENABLE_OBJC_WEAK = YES;
				CLANG_WARN_BLOCK_CAPTURE_AUTORELEASING = YES;
				CLANG_WARN_BOOL_CONVERSION = YES;
				CLANG_WARN_COMMA = YES;
				CLANG_WARN_CONSTANT_CONVERSION = YES;
				CLANG_WARN_DEPRECATED_OBJC_IMPLEMENTATIONS = YES;
				CLANG_WARN_DIRECT_OBJC_ISA_USAGE = YES_ERROR;
				CLANG_WARN_DOCUMENTATION_COMMENTS = YES;
				CLANG_WARN_EMPTY_BODY = YES;
				CLANG_WARN_ENUM_CONVERSION = YES;
				CLANG_WARN_INFINITE_RECURSION = YES;
				CLANG_WARN_INT_CONVERSION = YES;
				CLANG_WARN_NON_LITERAL_NULL_CONVERSION = YES;
				CLANG_WARN_OBJC_IMPLICIT_RETAIN_SELF = YES;
				CLANG_WARN_OBJC_LITERAL_CONVERSION = YES;
				CLANG_WARN_OBJC_ROOT_CLASS = YES_ERROR;
				CLANG_WARN_QUOTED_INCLUDE_IN_FRAMEWORK_HEADER = YES;
				CLANG_WARN_RANGE_LOOP_ANALYSIS = YES;
				CLANG_WARN_STRICT_PROTOTYPES = YES;
				CLANG_WARN_SUSPICIOUS_MOVE = YES;
				CLANG_WARN_UNGUARDED_AVAILABILITY = YES_AGGRESSIVE;
				CLANG_WARN_UNREACHABLE_CODE = YES;
				CLANG_WARN__DUPLICATE_METHOD_MATCH = YES;
				COPY_PHASE_STRIP = NO;
				DEAD_CODE_STRIPPING = YES;
				DEBUG_INFORMATION_FORMAT = dwarf;
				ENABLE_STRICT_OBJC_MSGSEND = YES;
				ENABLE_TESTABILITY = YES;
				ENABLE_USER_SCRIPT_SANDBOXING = NO;
				GCC_C_LANGUAGE_STANDARD = gnu11;
				GCC_DYNAMIC_NO_PIC = NO;
				GCC_NO_COMMON_BLOCKS = YES;
				GCC_OPTIMIZATION_LEVEL = 0;
				GCC_PREPROCESSOR_DEFINITIONS = (
					"DEBUG=1",
					"$(inherited)",
				);
				GCC_WARN_64_TO_32_BIT_CONVERSION = YES;
				GCC_WARN_ABOUT_RETURN_TYPE = YES_ERROR;
				GCC_WARN_UNDECLARED_SELECTOR = YES;
				GCC_WARN_UNINITIALIZED_AUTOS = YES_AGGRESSIVE;
				GCC_WARN_UNUSED_FUNCTION = YES;
				GCC_WARN_UNUSED_VARIABLE = YES;
				MTL_ENABLE_DEBUG_INFO = INCLUDE_SOURCE;
				MTL_FAST_MATH = YES;
				ONLY_ACTIVE_ARCH = YES;
				SWIFT_ACTIVE_COMPILATION_CONDITIONS = DEBUG;
				SWIFT_OPTIMIZATION_LEVEL = "-Onone";
			};
			name = Debug;
		};
		3A453DFC2A0B348200897303 /* Release */ = {
			isa = XCBuildConfiguration;
			buildSettings = {
				ALWAYS_SEARCH_USER_PATHS = NO;
				ASSETCATALOG_COMPILER_GENERATE_SWIFT_ASSET_SYMBOL_EXTENSIONS = YES;
				CLANG_ANALYZER_NONNULL = YES;
				CLANG_ANALYZER_NUMBER_OBJECT_CONVERSION = YES_AGGRESSIVE;
				CLANG_CXX_LANGUAGE_STANDARD = "gnu++20";
				CLANG_ENABLE_MODULES = YES;
				CLANG_ENABLE_OBJC_ARC = YES;
				CLANG_ENABLE_OBJC_WEAK = YES;
				CLANG_WARN_BLOCK_CAPTURE_AUTORELEASING = YES;
				CLANG_WARN_BOOL_CONVERSION = YES;
				CLANG_WARN_COMMA = YES;
				CLANG_WARN_CONSTANT_CONVERSION = YES;
				CLANG_WARN_DEPRECATED_OBJC_IMPLEMENTATIONS = YES;
				CLANG_WARN_DIRECT_OBJC_ISA_USAGE = YES_ERROR;
				CLANG_WARN_DOCUMENTATION_COMMENTS = YES;
				CLANG_WARN_EMPTY_BODY = YES;
				CLANG_WARN_ENUM_CONVERSION = YES;
				CLANG_WARN_INFINITE_RECURSION = YES;
				CLANG_WARN_INT_CONVERSION = YES;
				CLANG_WARN_NON_LITERAL_NULL_CONVERSION = YES;
				CLANG_WARN_OBJC_IMPLICIT_RETAIN_SELF = YES;
				CLANG_WARN_OBJC_LITERAL_CONVERSION = YES;
				CLANG_WARN_OBJC_ROOT_CLASS = YES_ERROR;
				CLANG_WARN_QUOTED_INCLUDE_IN_FRAMEWORK_HEADER = YES;
				CLANG_WARN_RANGE_LOOP_ANALYSIS = YES;
				CLANG_WARN_STRICT_PROTOTYPES = YES;
				CLANG_WARN_SUSPICIOUS_MOVE = YES;
				CLANG_WARN_UNGUARDED_AVAILABILITY = YES_AGGRESSIVE;
				CLANG_WARN_UNREACHABLE_CODE = YES;
				CLANG_WARN__DUPLICATE_METHOD_MATCH = YES;
				COPY_PHASE_STRIP = NO;
				DEAD_CODE_STRIPPING = YES;
				DEBUG_INFORMATION_FORMAT = "dwarf-with-dsym";
				ENABLE_NS_ASSERTIONS = NO;
				ENABLE_STRICT_OBJC_MSGSEND = YES;
				ENABLE_USER_SCRIPT_SANDBOXING = YES;
				GCC_C_LANGUAGE_STANDARD = gnu11;
				GCC_NO_COMMON_BLOCKS = YES;
				GCC_WARN_64_TO_32_BIT_CONVERSION = YES;
				GCC_WARN_ABOUT_RETURN_TYPE = YES_ERROR;
				GCC_WARN_UNDECLARED_SELECTOR = YES;
				GCC_WARN_UNINITIALIZED_AUTOS = YES_AGGRESSIVE;
				GCC_WARN_UNUSED_FUNCTION = YES;
				GCC_WARN_UNUSED_VARIABLE = YES;
				MTL_ENABLE_DEBUG_INFO = NO;
				MTL_FAST_MATH = YES;
				SWIFT_COMPILATION_MODE = wholemodule;
				SWIFT_OPTIMIZATION_LEVEL = "-O";
			};
			name = Release;
		};
		3A453DFE2A0B348200897303 /* Debug */ = {
			isa = XCBuildConfiguration;
			buildSettings = {
				ASSETCATALOG_COMPILER_APPICON_NAME = AppIcon;
				ASSETCATALOG_COMPILER_GLOBAL_ACCENT_COLOR_NAME = AccentColor;
				CODE_SIGN_ENTITLEMENTS = Comingle/Comingle.entitlements;
				CODE_SIGN_STYLE = Automatic;
				CURRENT_PROJECT_VERSION = 1;
				DEAD_CODE_STRIPPING = YES;
				DEVELOPMENT_ASSET_PATHS = "\"Comingle/Preview Content\"";
				DEVELOPMENT_TEAM = S99A5B637C;
				ENABLE_PREVIEWS = YES;
				GENERATE_INFOPLIST_FILE = YES;
				INFOPLIST_KEY_CFBundleDisplayName = Comingle;
				INFOPLIST_KEY_LSApplicationCategoryType = "public.app-category.reference";
				"INFOPLIST_KEY_UIApplicationSceneManifest_Generation[sdk=iphoneos*]" = YES;
				"INFOPLIST_KEY_UIApplicationSceneManifest_Generation[sdk=iphonesimulator*]" = YES;
				"INFOPLIST_KEY_UIApplicationSupportsIndirectInputEvents[sdk=iphoneos*]" = YES;
				"INFOPLIST_KEY_UIApplicationSupportsIndirectInputEvents[sdk=iphonesimulator*]" = YES;
				"INFOPLIST_KEY_UILaunchScreen_Generation[sdk=iphoneos*]" = YES;
				"INFOPLIST_KEY_UILaunchScreen_Generation[sdk=iphonesimulator*]" = YES;
				"INFOPLIST_KEY_UIStatusBarStyle[sdk=iphoneos*]" = UIStatusBarStyleDefault;
				"INFOPLIST_KEY_UIStatusBarStyle[sdk=iphonesimulator*]" = UIStatusBarStyleDefault;
				INFOPLIST_KEY_UISupportedInterfaceOrientations_iPad = "UIInterfaceOrientationPortrait UIInterfaceOrientationPortraitUpsideDown UIInterfaceOrientationLandscapeLeft UIInterfaceOrientationLandscapeRight";
				INFOPLIST_KEY_UISupportedInterfaceOrientations_iPhone = "UIInterfaceOrientationPortrait UIInterfaceOrientationLandscapeLeft UIInterfaceOrientationLandscapeRight";
				IPHONEOS_DEPLOYMENT_TARGET = 17.0;
				LD_RUNPATH_SEARCH_PATHS = "@executable_path/Frameworks";
				"LD_RUNPATH_SEARCH_PATHS[sdk=macosx*]" = "@executable_path/../Frameworks";
				LOCALIZATION_PREFERS_STRING_CATALOGS = YES;
				LOCALIZED_STRING_SWIFTUI_SUPPORT = NO;
				MACOSX_DEPLOYMENT_TARGET = 14.0;
				MARKETING_VERSION = 0.1.0;
				PRODUCT_BUNDLE_IDENTIFIER = co.comingle.Comingle;
				PRODUCT_NAME = "$(TARGET_NAME)";
				SDKROOT = auto;
				SUPPORTED_PLATFORMS = "iphoneos iphonesimulator";
				SUPPORTS_MACCATALYST = NO;
				SUPPORTS_MAC_DESIGNED_FOR_IPHONE_IPAD = YES;
				SWIFT_EMIT_LOC_STRINGS = NO;
				SWIFT_VERSION = 5.0;
				TARGETED_DEVICE_FAMILY = "1,2";
			};
			name = Debug;
		};
		3A453DFF2A0B348200897303 /* Release */ = {
			isa = XCBuildConfiguration;
			buildSettings = {
				ASSETCATALOG_COMPILER_APPICON_NAME = AppIcon;
				ASSETCATALOG_COMPILER_GLOBAL_ACCENT_COLOR_NAME = AccentColor;
				CODE_SIGN_ENTITLEMENTS = Comingle/Comingle.entitlements;
				CODE_SIGN_STYLE = Automatic;
				CURRENT_PROJECT_VERSION = 1;
				DEAD_CODE_STRIPPING = YES;
				DEVELOPMENT_ASSET_PATHS = "\"Comingle/Preview Content\"";
				DEVELOPMENT_TEAM = S99A5B637C;
				ENABLE_PREVIEWS = YES;
				GENERATE_INFOPLIST_FILE = YES;
				INFOPLIST_KEY_CFBundleDisplayName = Comingle;
				INFOPLIST_KEY_LSApplicationCategoryType = "public.app-category.reference";
				"INFOPLIST_KEY_UIApplicationSceneManifest_Generation[sdk=iphoneos*]" = YES;
				"INFOPLIST_KEY_UIApplicationSceneManifest_Generation[sdk=iphonesimulator*]" = YES;
				"INFOPLIST_KEY_UIApplicationSupportsIndirectInputEvents[sdk=iphoneos*]" = YES;
				"INFOPLIST_KEY_UIApplicationSupportsIndirectInputEvents[sdk=iphonesimulator*]" = YES;
				"INFOPLIST_KEY_UILaunchScreen_Generation[sdk=iphoneos*]" = YES;
				"INFOPLIST_KEY_UILaunchScreen_Generation[sdk=iphonesimulator*]" = YES;
				"INFOPLIST_KEY_UIStatusBarStyle[sdk=iphoneos*]" = UIStatusBarStyleDefault;
				"INFOPLIST_KEY_UIStatusBarStyle[sdk=iphonesimulator*]" = UIStatusBarStyleDefault;
				INFOPLIST_KEY_UISupportedInterfaceOrientations_iPad = "UIInterfaceOrientationPortrait UIInterfaceOrientationPortraitUpsideDown UIInterfaceOrientationLandscapeLeft UIInterfaceOrientationLandscapeRight";
				INFOPLIST_KEY_UISupportedInterfaceOrientations_iPhone = "UIInterfaceOrientationPortrait UIInterfaceOrientationLandscapeLeft UIInterfaceOrientationLandscapeRight";
				IPHONEOS_DEPLOYMENT_TARGET = 17.0;
				LD_RUNPATH_SEARCH_PATHS = "@executable_path/Frameworks";
				"LD_RUNPATH_SEARCH_PATHS[sdk=macosx*]" = "@executable_path/../Frameworks";
				LOCALIZATION_PREFERS_STRING_CATALOGS = YES;
				LOCALIZED_STRING_SWIFTUI_SUPPORT = NO;
				MACOSX_DEPLOYMENT_TARGET = 14.0;
				MARKETING_VERSION = 0.1.0;
				PRODUCT_BUNDLE_IDENTIFIER = co.comingle.Comingle;
				PRODUCT_NAME = "$(TARGET_NAME)";
				SDKROOT = auto;
				SUPPORTED_PLATFORMS = "iphoneos iphonesimulator";
				SUPPORTS_MACCATALYST = NO;
				SUPPORTS_MAC_DESIGNED_FOR_IPHONE_IPAD = YES;
				SWIFT_EMIT_LOC_STRINGS = NO;
				SWIFT_VERSION = 5.0;
				TARGETED_DEVICE_FAMILY = "1,2";
			};
			name = Release;
		};
		3A453E012A0B348200897303 /* Debug */ = {
			isa = XCBuildConfiguration;
			buildSettings = {
				ALWAYS_EMBED_SWIFT_STANDARD_LIBRARIES = YES;
				BUNDLE_LOADER = "$(TEST_HOST)";
				CODE_SIGN_STYLE = Automatic;
				CURRENT_PROJECT_VERSION = 1;
				DEAD_CODE_STRIPPING = YES;
				GENERATE_INFOPLIST_FILE = YES;
				IPHONEOS_DEPLOYMENT_TARGET = 17.0;
				MACOSX_DEPLOYMENT_TARGET = 14.0;
				MARKETING_VERSION = 1.0;
				PRODUCT_BUNDLE_IDENTIFIER = co.comingle.ComingleTests;
				PRODUCT_NAME = "$(TARGET_NAME)";
				SDKROOT = auto;
				SUPPORTED_PLATFORMS = "iphoneos iphonesimulator macosx";
				SWIFT_EMIT_LOC_STRINGS = NO;
				SWIFT_VERSION = 5.0;
				TARGETED_DEVICE_FAMILY = "1,2";
				TEST_HOST = "$(BUILT_PRODUCTS_DIR)/Comingle.app/$(BUNDLE_EXECUTABLE_FOLDER_PATH)/Comingle";
			};
			name = Debug;
		};
		3A453E022A0B348200897303 /* Release */ = {
			isa = XCBuildConfiguration;
			buildSettings = {
				ALWAYS_EMBED_SWIFT_STANDARD_LIBRARIES = YES;
				BUNDLE_LOADER = "$(TEST_HOST)";
				CODE_SIGN_STYLE = Automatic;
				CURRENT_PROJECT_VERSION = 1;
				DEAD_CODE_STRIPPING = YES;
				GENERATE_INFOPLIST_FILE = YES;
				IPHONEOS_DEPLOYMENT_TARGET = 17.0;
				MACOSX_DEPLOYMENT_TARGET = 14.0;
				MARKETING_VERSION = 1.0;
				PRODUCT_BUNDLE_IDENTIFIER = co.comingle.ComingleTests;
				PRODUCT_NAME = "$(TARGET_NAME)";
				SDKROOT = auto;
				SUPPORTED_PLATFORMS = "iphoneos iphonesimulator macosx";
				SWIFT_EMIT_LOC_STRINGS = NO;
				SWIFT_VERSION = 5.0;
				TARGETED_DEVICE_FAMILY = "1,2";
				TEST_HOST = "$(BUILT_PRODUCTS_DIR)/Comingle.app/$(BUNDLE_EXECUTABLE_FOLDER_PATH)/Comingle";
			};
			name = Release;
		};
		3A453E042A0B348200897303 /* Debug */ = {
			isa = XCBuildConfiguration;
			buildSettings = {
				ALWAYS_EMBED_SWIFT_STANDARD_LIBRARIES = YES;
				CODE_SIGN_STYLE = Automatic;
				CURRENT_PROJECT_VERSION = 1;
				DEAD_CODE_STRIPPING = YES;
				GENERATE_INFOPLIST_FILE = YES;
				IPHONEOS_DEPLOYMENT_TARGET = 16.4;
				MACOSX_DEPLOYMENT_TARGET = 13.3;
				MARKETING_VERSION = 1.0;
				PRODUCT_BUNDLE_IDENTIFIER = co.comingle.ComingleUITests;
				PRODUCT_NAME = "$(TARGET_NAME)";
				SDKROOT = auto;
				SUPPORTED_PLATFORMS = "iphoneos iphonesimulator macosx";
				SWIFT_EMIT_LOC_STRINGS = NO;
				SWIFT_VERSION = 5.0;
				TARGETED_DEVICE_FAMILY = "1,2";
				TEST_TARGET_NAME = Comingle;
			};
			name = Debug;
		};
		3A453E052A0B348200897303 /* Release */ = {
			isa = XCBuildConfiguration;
			buildSettings = {
				ALWAYS_EMBED_SWIFT_STANDARD_LIBRARIES = YES;
				CODE_SIGN_STYLE = Automatic;
				CURRENT_PROJECT_VERSION = 1;
				DEAD_CODE_STRIPPING = YES;
				GENERATE_INFOPLIST_FILE = YES;
				IPHONEOS_DEPLOYMENT_TARGET = 16.4;
				MACOSX_DEPLOYMENT_TARGET = 13.3;
				MARKETING_VERSION = 1.0;
				PRODUCT_BUNDLE_IDENTIFIER = co.comingle.ComingleUITests;
				PRODUCT_NAME = "$(TARGET_NAME)";
				SDKROOT = auto;
				SUPPORTED_PLATFORMS = "iphoneos iphonesimulator macosx";
				SWIFT_EMIT_LOC_STRINGS = NO;
				SWIFT_VERSION = 5.0;
				TARGETED_DEVICE_FAMILY = "1,2";
				TEST_TARGET_NAME = Comingle;
			};
			name = Release;
		};
/* End XCBuildConfiguration section */

/* Begin XCConfigurationList section */
		3A453DD32A0B348100897303 /* Build configuration list for PBXProject "Comingle" */ = {
			isa = XCConfigurationList;
			buildConfigurations = (
				3A453DFB2A0B348200897303 /* Debug */,
				3A453DFC2A0B348200897303 /* Release */,
			);
			defaultConfigurationIsVisible = 0;
			defaultConfigurationName = Release;
		};
		3A453DFD2A0B348200897303 /* Build configuration list for PBXNativeTarget "Comingle" */ = {
			isa = XCConfigurationList;
			buildConfigurations = (
				3A453DFE2A0B348200897303 /* Debug */,
				3A453DFF2A0B348200897303 /* Release */,
			);
			defaultConfigurationIsVisible = 0;
			defaultConfigurationName = Release;
		};
		3A453E002A0B348200897303 /* Build configuration list for PBXNativeTarget "ComingleTests" */ = {
			isa = XCConfigurationList;
			buildConfigurations = (
				3A453E012A0B348200897303 /* Debug */,
				3A453E022A0B348200897303 /* Release */,
			);
			defaultConfigurationIsVisible = 0;
			defaultConfigurationName = Release;
		};
		3A453E032A0B348200897303 /* Build configuration list for PBXNativeTarget "ComingleUITests" */ = {
			isa = XCConfigurationList;
			buildConfigurations = (
				3A453E042A0B348200897303 /* Debug */,
				3A453E052A0B348200897303 /* Release */,
			);
			defaultConfigurationIsVisible = 0;
			defaultConfigurationName = Release;
		};
/* End XCConfigurationList section */

/* Begin XCRemoteSwiftPackageReference section */
		3A2FF9722A3F6CE2009E1067 /* XCRemoteSwiftPackageReference "nostr-sdk-ios" */ = {
			isa = XCRemoteSwiftPackageReference;
			repositoryURL = "https://github.com/nostr-sdk/nostr-sdk-ios.git";
			requirement = {
				kind = revision;
				revision = 4a9ff87be38724af1321cda15e11de961bbf097a;
			};
		};
		3A317BFB2C57FC2B004DA56B /* XCRemoteSwiftPackageReference "swift-trie" */ = {
			isa = XCRemoteSwiftPackageReference;
			repositoryURL = "https://github.com/tyiu/swift-trie.git";
			requirement = {
				kind = upToNextMajorVersion;
				minimumVersion = 0.1.2;
			};
		};
		3A34AAA42B48FF7B00C5F910 /* XCRemoteSwiftPackageReference "xcstrings-tool-plugin" */ = {
			isa = XCRemoteSwiftPackageReference;
			repositoryURL = "https://github.com/liamnichols/xcstrings-tool-plugin.git";
			requirement = {
				kind = upToNextMajorVersion;
				minimumVersion = 0.1.1;
			};
		};
		3A4FCB3B2C34E567007AE9A4 /* XCRemoteSwiftPackageReference "Kingfisher" */ = {
			isa = XCRemoteSwiftPackageReference;
			repositoryURL = "https://github.com/onevcat/Kingfisher.git";
			requirement = {
				kind = upToNextMajorVersion;
				minimumVersion = 7.12.0;
			};
		};
		3A4FCB442C34FD98007AE9A4 /* XCRemoteSwiftPackageReference "GeohashKit" */ = {
			isa = XCRemoteSwiftPackageReference;
			repositoryURL = "https://github.com/ualch9/GeohashKit.git";
			requirement = {
				kind = upToNextMajorVersion;
				minimumVersion = 3.0.0;
			};
		};
/* End XCRemoteSwiftPackageReference section */

/* Begin XCSwiftPackageProductDependency section */
		3A2FF9732A3F6CE2009E1067 /* NostrSDK */ = {
			isa = XCSwiftPackageProductDependency;
			package = 3A2FF9722A3F6CE2009E1067 /* XCRemoteSwiftPackageReference "nostr-sdk-ios" */;
			productName = NostrSDK;
		};
		3A317BFC2C57FC2B004DA56B /* SwiftTrie */ = {
			isa = XCSwiftPackageProductDependency;
			package = 3A317BFB2C57FC2B004DA56B /* XCRemoteSwiftPackageReference "swift-trie" */;
			productName = SwiftTrie;
		};
		3A34AAA52B48FF9400C5F910 /* XCStringsToolPlugin */ = {
			isa = XCSwiftPackageProductDependency;
			package = 3A34AAA42B48FF7B00C5F910 /* XCRemoteSwiftPackageReference "xcstrings-tool-plugin" */;
			productName = "plugin:XCStringsToolPlugin";
		};
		3A4FCB3C2C34E567007AE9A4 /* Kingfisher */ = {
			isa = XCSwiftPackageProductDependency;
			package = 3A4FCB3B2C34E567007AE9A4 /* XCRemoteSwiftPackageReference "Kingfisher" */;
			productName = Kingfisher;
		};
		3A4FCB452C34FD98007AE9A4 /* GeohashKit */ = {
			isa = XCSwiftPackageProductDependency;
			package = 3A4FCB442C34FD98007AE9A4 /* XCRemoteSwiftPackageReference "GeohashKit" */;
			productName = GeohashKit;
		};
/* End XCSwiftPackageProductDependency section */
	};
	rootObject = 3A453DD02A0B348100897303 /* Project object */;
}
