// !$*UTF8*$!
{
	archiveVersion = 1;
	classes = {
	};
	objectVersion = 56;
	objects = {

/* Begin PBXBuildFile section */
		3A2FF9742A3F6CE2009E1067 /* NostrSDK in Frameworks */ = {isa = PBXBuildFile; productRef = 3A2FF9732A3F6CE2009E1067 /* NostrSDK */; };
		3A2FF9782A3F6DFD009E1067 /* LoginView.swift in Sources */ = {isa = PBXBuildFile; fileRef = 3A2FF9772A3F6DFD009E1067 /* LoginView.swift */; };
		3A2FF97C2A3FA6E9009E1067 /* LoginMode.swift in Sources */ = {isa = PBXBuildFile; fileRef = 3A2FF97B2A3FA6E9009E1067 /* LoginMode.swift */; };
		3A2FF9802A3FC5E4009E1067 /* LoggedInView.swift in Sources */ = {isa = PBXBuildFile; fileRef = 3A2FF97F2A3FC5E4009E1067 /* LoggedInView.swift */; };
		3A2FF9822A3FD68B009E1067 /* SettingsView.swift in Sources */ = {isa = PBXBuildFile; fileRef = 3A2FF9812A3FD68B009E1067 /* SettingsView.swift */; };
		3A453DDC2A0B348100897303 /* ConfstrApp.swift in Sources */ = {isa = PBXBuildFile; fileRef = 3A453DDB2A0B348100897303 /* ConfstrApp.swift */; };
		3A453DDE2A0B348100897303 /* ContentView.swift in Sources */ = {isa = PBXBuildFile; fileRef = 3A453DDD2A0B348100897303 /* ContentView.swift */; };
		3A453DE02A0B348200897303 /* Assets.xcassets in Resources */ = {isa = PBXBuildFile; fileRef = 3A453DDF2A0B348200897303 /* Assets.xcassets */; };
		3A453DE42A0B348200897303 /* Preview Assets.xcassets in Resources */ = {isa = PBXBuildFile; fileRef = 3A453DE32A0B348200897303 /* Preview Assets.xcassets */; };
		3A453DEE2A0B348200897303 /* ConfstrTests.swift in Sources */ = {isa = PBXBuildFile; fileRef = 3A453DED2A0B348200897303 /* ConfstrTests.swift */; };
		3A453DF82A0B348200897303 /* ConfstrUITests.swift in Sources */ = {isa = PBXBuildFile; fileRef = 3A453DF72A0B348200897303 /* ConfstrUITests.swift */; };
		3A453DFA2A0B348200897303 /* ConfstrUITestsLaunchTests.swift in Sources */ = {isa = PBXBuildFile; fileRef = 3A453DF92A0B348200897303 /* ConfstrUITestsLaunchTests.swift */; };
		3A453E1A2A0C613600897303 /* Person.swift in Sources */ = {isa = PBXBuildFile; fileRef = 3A453E172A0C613500897303 /* Person.swift */; };
		3A453E1B2A0C613600897303 /* Conference.swift in Sources */ = {isa = PBXBuildFile; fileRef = 3A453E182A0C613600897303 /* Conference.swift */; };
		3A453E1C2A0C613600897303 /* Session.swift in Sources */ = {isa = PBXBuildFile; fileRef = 3A453E192A0C613600897303 /* Session.swift */; };
		3A453E242A0C614900897303 /* SessionView.swift in Sources */ = {isa = PBXBuildFile; fileRef = 3A453E1D2A0C614800897303 /* SessionView.swift */; };
		3A453E252A0C614900897303 /* ScheduleView.swift in Sources */ = {isa = PBXBuildFile; fileRef = 3A453E1E2A0C614800897303 /* ScheduleView.swift */; };
		3A453E262A0C614900897303 /* ConferencesView.swift in Sources */ = {isa = PBXBuildFile; fileRef = 3A453E1F2A0C614800897303 /* ConferencesView.swift */; };
		3A453E272A0C614900897303 /* PeopleView.swift in Sources */ = {isa = PBXBuildFile; fileRef = 3A453E202A0C614900897303 /* PeopleView.swift */; };
		3A453E282A0C614900897303 /* PersonView.swift in Sources */ = {isa = PBXBuildFile; fileRef = 3A453E212A0C614900897303 /* PersonView.swift */; };
		3A453E292A0C614900897303 /* DayView.swift in Sources */ = {isa = PBXBuildFile; fileRef = 3A453E222A0C614900897303 /* DayView.swift */; };
		3A453E2A2A0C614900897303 /* ConferenceView.swift in Sources */ = {isa = PBXBuildFile; fileRef = 3A453E232A0C614900897303 /* ConferenceView.swift */; };
/* End PBXBuildFile section */

/* Begin PBXContainerItemProxy section */
		3A453DEA2A0B348200897303 /* PBXContainerItemProxy */ = {
			isa = PBXContainerItemProxy;
			containerPortal = 3A453DD02A0B348100897303 /* Project object */;
			proxyType = 1;
			remoteGlobalIDString = 3A453DD72A0B348100897303;
			remoteInfo = Confstr;
		};
		3A453DF42A0B348200897303 /* PBXContainerItemProxy */ = {
			isa = PBXContainerItemProxy;
			containerPortal = 3A453DD02A0B348100897303 /* Project object */;
			proxyType = 1;
			remoteGlobalIDString = 3A453DD72A0B348100897303;
			remoteInfo = Confstr;
		};
/* End PBXContainerItemProxy section */

/* Begin PBXFileReference section */
		3A2FF9772A3F6DFD009E1067 /* LoginView.swift */ = {isa = PBXFileReference; lastKnownFileType = sourcecode.swift; path = LoginView.swift; sourceTree = "<group>"; };
		3A2FF97B2A3FA6E9009E1067 /* LoginMode.swift */ = {isa = PBXFileReference; lastKnownFileType = sourcecode.swift; path = LoginMode.swift; sourceTree = "<group>"; };
		3A2FF97F2A3FC5E4009E1067 /* LoggedInView.swift */ = {isa = PBXFileReference; lastKnownFileType = sourcecode.swift; path = LoggedInView.swift; sourceTree = "<group>"; };
		3A2FF9812A3FD68B009E1067 /* SettingsView.swift */ = {isa = PBXFileReference; lastKnownFileType = sourcecode.swift; path = SettingsView.swift; sourceTree = "<group>"; };
		3A453DD82A0B348100897303 /* Confstr.app */ = {isa = PBXFileReference; explicitFileType = wrapper.application; includeInIndex = 0; path = Confstr.app; sourceTree = BUILT_PRODUCTS_DIR; };
		3A453DDB2A0B348100897303 /* ConfstrApp.swift */ = {isa = PBXFileReference; lastKnownFileType = sourcecode.swift; path = ConfstrApp.swift; sourceTree = "<group>"; };
		3A453DDD2A0B348100897303 /* ContentView.swift */ = {isa = PBXFileReference; lastKnownFileType = sourcecode.swift; path = ContentView.swift; sourceTree = "<group>"; };
		3A453DDF2A0B348200897303 /* Assets.xcassets */ = {isa = PBXFileReference; lastKnownFileType = folder.assetcatalog; path = Assets.xcassets; sourceTree = "<group>"; };
		3A453DE12A0B348200897303 /* Confstr.entitlements */ = {isa = PBXFileReference; lastKnownFileType = text.plist.entitlements; path = Confstr.entitlements; sourceTree = "<group>"; };
		3A453DE32A0B348200897303 /* Preview Assets.xcassets */ = {isa = PBXFileReference; lastKnownFileType = folder.assetcatalog; path = "Preview Assets.xcassets"; sourceTree = "<group>"; };
		3A453DE92A0B348200897303 /* ConfstrTests.xctest */ = {isa = PBXFileReference; explicitFileType = wrapper.cfbundle; includeInIndex = 0; path = ConfstrTests.xctest; sourceTree = BUILT_PRODUCTS_DIR; };
		3A453DED2A0B348200897303 /* ConfstrTests.swift */ = {isa = PBXFileReference; lastKnownFileType = sourcecode.swift; path = ConfstrTests.swift; sourceTree = "<group>"; };
		3A453DF32A0B348200897303 /* ConfstrUITests.xctest */ = {isa = PBXFileReference; explicitFileType = wrapper.cfbundle; includeInIndex = 0; path = ConfstrUITests.xctest; sourceTree = BUILT_PRODUCTS_DIR; };
		3A453DF72A0B348200897303 /* ConfstrUITests.swift */ = {isa = PBXFileReference; lastKnownFileType = sourcecode.swift; path = ConfstrUITests.swift; sourceTree = "<group>"; };
		3A453DF92A0B348200897303 /* ConfstrUITestsLaunchTests.swift */ = {isa = PBXFileReference; lastKnownFileType = sourcecode.swift; path = ConfstrUITestsLaunchTests.swift; sourceTree = "<group>"; };
		3A453E172A0C613500897303 /* Person.swift */ = {isa = PBXFileReference; fileEncoding = 4; lastKnownFileType = sourcecode.swift; path = Person.swift; sourceTree = "<group>"; };
		3A453E182A0C613600897303 /* Conference.swift */ = {isa = PBXFileReference; fileEncoding = 4; lastKnownFileType = sourcecode.swift; path = Conference.swift; sourceTree = "<group>"; };
		3A453E192A0C613600897303 /* Session.swift */ = {isa = PBXFileReference; fileEncoding = 4; lastKnownFileType = sourcecode.swift; path = Session.swift; sourceTree = "<group>"; };
		3A453E1D2A0C614800897303 /* SessionView.swift */ = {isa = PBXFileReference; fileEncoding = 4; lastKnownFileType = sourcecode.swift; path = SessionView.swift; sourceTree = "<group>"; };
		3A453E1E2A0C614800897303 /* ScheduleView.swift */ = {isa = PBXFileReference; fileEncoding = 4; lastKnownFileType = sourcecode.swift; path = ScheduleView.swift; sourceTree = "<group>"; };
		3A453E1F2A0C614800897303 /* ConferencesView.swift */ = {isa = PBXFileReference; fileEncoding = 4; lastKnownFileType = sourcecode.swift; path = ConferencesView.swift; sourceTree = "<group>"; };
		3A453E202A0C614900897303 /* PeopleView.swift */ = {isa = PBXFileReference; fileEncoding = 4; lastKnownFileType = sourcecode.swift; path = PeopleView.swift; sourceTree = "<group>"; };
		3A453E212A0C614900897303 /* PersonView.swift */ = {isa = PBXFileReference; fileEncoding = 4; lastKnownFileType = sourcecode.swift; path = PersonView.swift; sourceTree = "<group>"; };
		3A453E222A0C614900897303 /* DayView.swift */ = {isa = PBXFileReference; fileEncoding = 4; lastKnownFileType = sourcecode.swift; path = DayView.swift; sourceTree = "<group>"; };
		3A453E232A0C614900897303 /* ConferenceView.swift */ = {isa = PBXFileReference; fileEncoding = 4; lastKnownFileType = sourcecode.swift; path = ConferenceView.swift; sourceTree = "<group>"; };
/* End PBXFileReference section */

/* Begin PBXFrameworksBuildPhase section */
		3A453DD52A0B348100897303 /* Frameworks */ = {
			isa = PBXFrameworksBuildPhase;
			buildActionMask = 2147483647;
			files = (
				3A2FF9742A3F6CE2009E1067 /* NostrSDK in Frameworks */,
			);
			runOnlyForDeploymentPostprocessing = 0;
		};
		3A453DE62A0B348200897303 /* Frameworks */ = {
			isa = PBXFrameworksBuildPhase;
			buildActionMask = 2147483647;
			files = (
			);
			runOnlyForDeploymentPostprocessing = 0;
		};
		3A453DF02A0B348200897303 /* Frameworks */ = {
			isa = PBXFrameworksBuildPhase;
			buildActionMask = 2147483647;
			files = (
			);
			runOnlyForDeploymentPostprocessing = 0;
		};
/* End PBXFrameworksBuildPhase section */

/* Begin PBXGroup section */
		3A453DCF2A0B348100897303 = {
			isa = PBXGroup;
			children = (
				3A453DDA2A0B348100897303 /* Confstr */,
				3A453DEC2A0B348200897303 /* ConfstrTests */,
				3A453DF62A0B348200897303 /* ConfstrUITests */,
				3A453DD92A0B348100897303 /* Products */,
			);
			sourceTree = "<group>";
		};
		3A453DD92A0B348100897303 /* Products */ = {
			isa = PBXGroup;
			children = (
				3A453DD82A0B348100897303 /* Confstr.app */,
				3A453DE92A0B348200897303 /* ConfstrTests.xctest */,
				3A453DF32A0B348200897303 /* ConfstrUITests.xctest */,
			);
			name = Products;
			sourceTree = "<group>";
		};
		3A453DDA2A0B348100897303 /* Confstr */ = {
			isa = PBXGroup;
			children = (
				3A453E152A0C611300897303 /* Models */,
				3A453E162A0C611800897303 /* Views */,
				3A453DDB2A0B348100897303 /* ConfstrApp.swift */,
				3A453DDF2A0B348200897303 /* Assets.xcassets */,
				3A453DE12A0B348200897303 /* Confstr.entitlements */,
				3A453DE22A0B348200897303 /* Preview Content */,
			);
			path = Confstr;
			sourceTree = "<group>";
		};
		3A453DE22A0B348200897303 /* Preview Content */ = {
			isa = PBXGroup;
			children = (
				3A453DE32A0B348200897303 /* Preview Assets.xcassets */,
			);
			path = "Preview Content";
			sourceTree = "<group>";
		};
		3A453DEC2A0B348200897303 /* ConfstrTests */ = {
			isa = PBXGroup;
			children = (
				3A453DED2A0B348200897303 /* ConfstrTests.swift */,
			);
			path = ConfstrTests;
			sourceTree = "<group>";
		};
		3A453DF62A0B348200897303 /* ConfstrUITests */ = {
			isa = PBXGroup;
			children = (
				3A453DF72A0B348200897303 /* ConfstrUITests.swift */,
				3A453DF92A0B348200897303 /* ConfstrUITestsLaunchTests.swift */,
			);
			path = ConfstrUITests;
			sourceTree = "<group>";
		};
		3A453E152A0C611300897303 /* Models */ = {
			isa = PBXGroup;
			children = (
				3A453E182A0C613600897303 /* Conference.swift */,
				3A2FF97B2A3FA6E9009E1067 /* LoginMode.swift */,
				3A453E172A0C613500897303 /* Person.swift */,
				3A453E192A0C613600897303 /* Session.swift */,
			);
			path = Models;
			sourceTree = "<group>";
		};
		3A453E162A0C611800897303 /* Views */ = {
			isa = PBXGroup;
			children = (
				3A453E1F2A0C614800897303 /* ConferencesView.swift */,
				3A453E232A0C614900897303 /* ConferenceView.swift */,
				3A453DDD2A0B348100897303 /* ContentView.swift */,
				3A453E222A0C614900897303 /* DayView.swift */,
				3A2FF97F2A3FC5E4009E1067 /* LoggedInView.swift */,
				3A2FF9772A3F6DFD009E1067 /* LoginView.swift */,
				3A453E202A0C614900897303 /* PeopleView.swift */,
				3A453E212A0C614900897303 /* PersonView.swift */,
				3A453E1E2A0C614800897303 /* ScheduleView.swift */,
				3A453E1D2A0C614800897303 /* SessionView.swift */,
				3A2FF9812A3FD68B009E1067 /* SettingsView.swift */,
			);
			path = Views;
			sourceTree = "<group>";
		};
/* End PBXGroup section */

/* Begin PBXNativeTarget section */
		3A453DD72A0B348100897303 /* Confstr */ = {
			isa = PBXNativeTarget;
			buildConfigurationList = 3A453DFD2A0B348200897303 /* Build configuration list for PBXNativeTarget "Confstr" */;
			buildPhases = (
				3A453E0E2A0B3BE200897303 /* SwiftLint */,
				3A453DD42A0B348100897303 /* Sources */,
				3A453DD52A0B348100897303 /* Frameworks */,
				3A453DD62A0B348100897303 /* Resources */,
			);
			buildRules = (
			);
			dependencies = (
			);
			name = Confstr;
			packageProductDependencies = (
				3A2FF9732A3F6CE2009E1067 /* NostrSDK */,
			);
			productName = Confstr;
			productReference = 3A453DD82A0B348100897303 /* Confstr.app */;
			productType = "com.apple.product-type.application";
		};
		3A453DE82A0B348200897303 /* ConfstrTests */ = {
			isa = PBXNativeTarget;
			buildConfigurationList = 3A453E002A0B348200897303 /* Build configuration list for PBXNativeTarget "ConfstrTests" */;
			buildPhases = (
				3A453DE52A0B348200897303 /* Sources */,
				3A453DE62A0B348200897303 /* Frameworks */,
				3A453DE72A0B348200897303 /* Resources */,
			);
			buildRules = (
			);
			dependencies = (
				3A453DEB2A0B348200897303 /* PBXTargetDependency */,
			);
			name = ConfstrTests;
			productName = ConfstrTests;
			productReference = 3A453DE92A0B348200897303 /* ConfstrTests.xctest */;
			productType = "com.apple.product-type.bundle.unit-test";
		};
		3A453DF22A0B348200897303 /* ConfstrUITests */ = {
			isa = PBXNativeTarget;
			buildConfigurationList = 3A453E032A0B348200897303 /* Build configuration list for PBXNativeTarget "ConfstrUITests" */;
			buildPhases = (
				3A453DEF2A0B348200897303 /* Sources */,
				3A453DF02A0B348200897303 /* Frameworks */,
				3A453DF12A0B348200897303 /* Resources */,
			);
			buildRules = (
			);
			dependencies = (
				3A453DF52A0B348200897303 /* PBXTargetDependency */,
			);
			name = ConfstrUITests;
			productName = ConfstrUITests;
			productReference = 3A453DF32A0B348200897303 /* ConfstrUITests.xctest */;
			productType = "com.apple.product-type.bundle.ui-testing";
		};
/* End PBXNativeTarget section */

/* Begin PBXProject section */
		3A453DD02A0B348100897303 /* Project object */ = {
			isa = PBXProject;
			attributes = {
				BuildIndependentTargetsInParallel = 1;
				LastSwiftUpdateCheck = 1430;
				LastUpgradeCheck = 1430;
				TargetAttributes = {
					3A453DD72A0B348100897303 = {
						CreatedOnToolsVersion = 14.3;
					};
					3A453DE82A0B348200897303 = {
						CreatedOnToolsVersion = 14.3;
						TestTargetID = 3A453DD72A0B348100897303;
					};
					3A453DF22A0B348200897303 = {
						CreatedOnToolsVersion = 14.3;
						TestTargetID = 3A453DD72A0B348100897303;
					};
				};
			};
			buildConfigurationList = 3A453DD32A0B348100897303 /* Build configuration list for PBXProject "Confstr" */;
			compatibilityVersion = "Xcode 14.0";
			developmentRegion = en;
			hasScannedForEncodings = 0;
			knownRegions = (
				en,
				Base,
			);
			mainGroup = 3A453DCF2A0B348100897303;
			packageReferences = (
				3A2FF9722A3F6CE2009E1067 /* XCRemoteSwiftPackageReference "nostr-sdk-ios" */,
			);
			productRefGroup = 3A453DD92A0B348100897303 /* Products */;
			projectDirPath = "";
			projectRoot = "";
			targets = (
				3A453DD72A0B348100897303 /* Confstr */,
				3A453DE82A0B348200897303 /* ConfstrTests */,
				3A453DF22A0B348200897303 /* ConfstrUITests */,
			);
		};
/* End PBXProject section */

/* Begin PBXResourcesBuildPhase section */
		3A453DD62A0B348100897303 /* Resources */ = {
			isa = PBXResourcesBuildPhase;
			buildActionMask = 2147483647;
			files = (
				3A453DE42A0B348200897303 /* Preview Assets.xcassets in Resources */,
				3A453DE02A0B348200897303 /* Assets.xcassets in Resources */,
			);
			runOnlyForDeploymentPostprocessing = 0;
		};
		3A453DE72A0B348200897303 /* Resources */ = {
			isa = PBXResourcesBuildPhase;
			buildActionMask = 2147483647;
			files = (
			);
			runOnlyForDeploymentPostprocessing = 0;
		};
		3A453DF12A0B348200897303 /* Resources */ = {
			isa = PBXResourcesBuildPhase;
			buildActionMask = 2147483647;
			files = (
			);
			runOnlyForDeploymentPostprocessing = 0;
		};
/* End PBXResourcesBuildPhase section */

/* Begin PBXShellScriptBuildPhase section */
		3A453E0E2A0B3BE200897303 /* SwiftLint */ = {
			isa = PBXShellScriptBuildPhase;
			alwaysOutOfDate = 1;
			buildActionMask = 2147483647;
			files = (
			);
			inputFileListPaths = (
			);
			inputPaths = (
			);
			name = SwiftLint;
			outputFileListPaths = (
			);
			outputPaths = (
			);
			runOnlyForDeploymentPostprocessing = 0;
			shellPath = /bin/sh;
			shellScript = "if [[ \"$(uname -m)\" == arm64 ]]; then\n    export PATH=\"/opt/homebrew/bin:$PATH\"\nfi\n\nif which swiftlint > /dev/null; then\n  swiftlint\nelse\n  echo \"warning: SwiftLint not installed, download from https://github.com/realm/SwiftLint\"\nfi\n";
		};
/* End PBXShellScriptBuildPhase section */

/* Begin PBXSourcesBuildPhase section */
		3A453DD42A0B348100897303 /* Sources */ = {
			isa = PBXSourcesBuildPhase;
			buildActionMask = 2147483647;
			files = (
				3A453E272A0C614900897303 /* PeopleView.swift in Sources */,
				3A453E292A0C614900897303 /* DayView.swift in Sources */,
				3A453E1C2A0C613600897303 /* Session.swift in Sources */,
				3A453E242A0C614900897303 /* SessionView.swift in Sources */,
				3A453E1A2A0C613600897303 /* Person.swift in Sources */,
				3A453E252A0C614900897303 /* ScheduleView.swift in Sources */,
				3A2FF97C2A3FA6E9009E1067 /* LoginMode.swift in Sources */,
				3A453E2A2A0C614900897303 /* ConferenceView.swift in Sources */,
				3A453E282A0C614900897303 /* PersonView.swift in Sources */,
				3A2FF9822A3FD68B009E1067 /* SettingsView.swift in Sources */,
				3A453DDE2A0B348100897303 /* ContentView.swift in Sources */,
				3A2FF9802A3FC5E4009E1067 /* LoggedInView.swift in Sources */,
				3A453DDC2A0B348100897303 /* ConfstrApp.swift in Sources */,
				3A2FF9782A3F6DFD009E1067 /* LoginView.swift in Sources */,
				3A453E262A0C614900897303 /* ConferencesView.swift in Sources */,
				3A453E1B2A0C613600897303 /* Conference.swift in Sources */,
			);
			runOnlyForDeploymentPostprocessing = 0;
		};
		3A453DE52A0B348200897303 /* Sources */ = {
			isa = PBXSourcesBuildPhase;
			buildActionMask = 2147483647;
			files = (
				3A453DEE2A0B348200897303 /* ConfstrTests.swift in Sources */,
			);
			runOnlyForDeploymentPostprocessing = 0;
		};
		3A453DEF2A0B348200897303 /* Sources */ = {
			isa = PBXSourcesBuildPhase;
			buildActionMask = 2147483647;
			files = (
				3A453DFA2A0B348200897303 /* ConfstrUITestsLaunchTests.swift in Sources */,
				3A453DF82A0B348200897303 /* ConfstrUITests.swift in Sources */,
			);
			runOnlyForDeploymentPostprocessing = 0;
		};
/* End PBXSourcesBuildPhase section */

/* Begin PBXTargetDependency section */
		3A453DEB2A0B348200897303 /* PBXTargetDependency */ = {
			isa = PBXTargetDependency;
			target = 3A453DD72A0B348100897303 /* Confstr */;
			targetProxy = 3A453DEA2A0B348200897303 /* PBXContainerItemProxy */;
		};
		3A453DF52A0B348200897303 /* PBXTargetDependency */ = {
			isa = PBXTargetDependency;
			target = 3A453DD72A0B348100897303 /* Confstr */;
			targetProxy = 3A453DF42A0B348200897303 /* PBXContainerItemProxy */;
		};
/* End PBXTargetDependency section */

/* Begin XCBuildConfiguration section */
		3A453DFB2A0B348200897303 /* Debug */ = {
			isa = XCBuildConfiguration;
			buildSettings = {
				ALWAYS_SEARCH_USER_PATHS = NO;
				CLANG_ANALYZER_NONNULL = YES;
				CLANG_ANALYZER_NUMBER_OBJECT_CONVERSION = YES_AGGRESSIVE;
				CLANG_CXX_LANGUAGE_STANDARD = "gnu++20";
				CLANG_ENABLE_MODULES = YES;
				CLANG_ENABLE_OBJC_ARC = YES;
				CLANG_ENABLE_OBJC_WEAK = YES;
				CLANG_WARN_BLOCK_CAPTURE_AUTORELEASING = YES;
				CLANG_WARN_BOOL_CONVERSION = YES;
				CLANG_WARN_COMMA = YES;
				CLANG_WARN_CONSTANT_CONVERSION = YES;
				CLANG_WARN_DEPRECATED_OBJC_IMPLEMENTATIONS = YES;
				CLANG_WARN_DIRECT_OBJC_ISA_USAGE = YES_ERROR;
				CLANG_WARN_DOCUMENTATION_COMMENTS = YES;
				CLANG_WARN_EMPTY_BODY = YES;
				CLANG_WARN_ENUM_CONVERSION = YES;
				CLANG_WARN_INFINITE_RECURSION = YES;
				CLANG_WARN_INT_CONVERSION = YES;
				CLANG_WARN_NON_LITERAL_NULL_CONVERSION = YES;
				CLANG_WARN_OBJC_IMPLICIT_RETAIN_SELF = YES;
				CLANG_WARN_OBJC_LITERAL_CONVERSION = YES;
				CLANG_WARN_OBJC_ROOT_CLASS = YES_ERROR;
				CLANG_WARN_QUOTED_INCLUDE_IN_FRAMEWORK_HEADER = YES;
				CLANG_WARN_RANGE_LOOP_ANALYSIS = YES;
				CLANG_WARN_STRICT_PROTOTYPES = YES;
				CLANG_WARN_SUSPICIOUS_MOVE = YES;
				CLANG_WARN_UNGUARDED_AVAILABILITY = YES_AGGRESSIVE;
				CLANG_WARN_UNREACHABLE_CODE = YES;
				CLANG_WARN__DUPLICATE_METHOD_MATCH = YES;
				COPY_PHASE_STRIP = NO;
				DEBUG_INFORMATION_FORMAT = dwarf;
				ENABLE_STRICT_OBJC_MSGSEND = YES;
				ENABLE_TESTABILITY = YES;
				GCC_C_LANGUAGE_STANDARD = gnu11;
				GCC_DYNAMIC_NO_PIC = NO;
				GCC_NO_COMMON_BLOCKS = YES;
				GCC_OPTIMIZATION_LEVEL = 0;
				GCC_PREPROCESSOR_DEFINITIONS = (
					"DEBUG=1",
					"$(inherited)",
				);
				GCC_WARN_64_TO_32_BIT_CONVERSION = YES;
				GCC_WARN_ABOUT_RETURN_TYPE = YES_ERROR;
				GCC_WARN_UNDECLARED_SELECTOR = YES;
				GCC_WARN_UNINITIALIZED_AUTOS = YES_AGGRESSIVE;
				GCC_WARN_UNUSED_FUNCTION = YES;
				GCC_WARN_UNUSED_VARIABLE = YES;
				MTL_ENABLE_DEBUG_INFO = INCLUDE_SOURCE;
				MTL_FAST_MATH = YES;
				ONLY_ACTIVE_ARCH = YES;
				SWIFT_ACTIVE_COMPILATION_CONDITIONS = DEBUG;
				SWIFT_OPTIMIZATION_LEVEL = "-Onone";
			};
			name = Debug;
		};
		3A453DFC2A0B348200897303 /* Release */ = {
			isa = XCBuildConfiguration;
			buildSettings = {
				ALWAYS_SEARCH_USER_PATHS = NO;
				CLANG_ANALYZER_NONNULL = YES;
				CLANG_ANALYZER_NUMBER_OBJECT_CONVERSION = YES_AGGRESSIVE;
				CLANG_CXX_LANGUAGE_STANDARD = "gnu++20";
				CLANG_ENABLE_MODULES = YES;
				CLANG_ENABLE_OBJC_ARC = YES;
				CLANG_ENABLE_OBJC_WEAK = YES;
				CLANG_WARN_BLOCK_CAPTURE_AUTORELEASING = YES;
				CLANG_WARN_BOOL_CONVERSION = YES;
				CLANG_WARN_COMMA = YES;
				CLANG_WARN_CONSTANT_CONVERSION = YES;
				CLANG_WARN_DEPRECATED_OBJC_IMPLEMENTATIONS = YES;
				CLANG_WARN_DIRECT_OBJC_ISA_USAGE = YES_ERROR;
				CLANG_WARN_DOCUMENTATION_COMMENTS = YES;
				CLANG_WARN_EMPTY_BODY = YES;
				CLANG_WARN_ENUM_CONVERSION = YES;
				CLANG_WARN_INFINITE_RECURSION = YES;
				CLANG_WARN_INT_CONVERSION = YES;
				CLANG_WARN_NON_LITERAL_NULL_CONVERSION = YES;
				CLANG_WARN_OBJC_IMPLICIT_RETAIN_SELF = YES;
				CLANG_WARN_OBJC_LITERAL_CONVERSION = YES;
				CLANG_WARN_OBJC_ROOT_CLASS = YES_ERROR;
				CLANG_WARN_QUOTED_INCLUDE_IN_FRAMEWORK_HEADER = YES;
				CLANG_WARN_RANGE_LOOP_ANALYSIS = YES;
				CLANG_WARN_STRICT_PROTOTYPES = YES;
				CLANG_WARN_SUSPICIOUS_MOVE = YES;
				CLANG_WARN_UNGUARDED_AVAILABILITY = YES_AGGRESSIVE;
				CLANG_WARN_UNREACHABLE_CODE = YES;
				CLANG_WARN__DUPLICATE_METHOD_MATCH = YES;
				COPY_PHASE_STRIP = NO;
				DEBUG_INFORMATION_FORMAT = "dwarf-with-dsym";
				ENABLE_NS_ASSERTIONS = NO;
				ENABLE_STRICT_OBJC_MSGSEND = YES;
				GCC_C_LANGUAGE_STANDARD = gnu11;
				GCC_NO_COMMON_BLOCKS = YES;
				GCC_WARN_64_TO_32_BIT_CONVERSION = YES;
				GCC_WARN_ABOUT_RETURN_TYPE = YES_ERROR;
				GCC_WARN_UNDECLARED_SELECTOR = YES;
				GCC_WARN_UNINITIALIZED_AUTOS = YES_AGGRESSIVE;
				GCC_WARN_UNUSED_FUNCTION = YES;
				GCC_WARN_UNUSED_VARIABLE = YES;
				MTL_ENABLE_DEBUG_INFO = NO;
				MTL_FAST_MATH = YES;
				SWIFT_COMPILATION_MODE = wholemodule;
				SWIFT_OPTIMIZATION_LEVEL = "-O";
			};
			name = Release;
		};
		3A453DFE2A0B348200897303 /* Debug */ = {
			isa = XCBuildConfiguration;
			buildSettings = {
				ASSETCATALOG_COMPILER_APPICON_NAME = AppIcon;
				ASSETCATALOG_COMPILER_GLOBAL_ACCENT_COLOR_NAME = AccentColor;
				CODE_SIGN_ENTITLEMENTS = Confstr/Confstr.entitlements;
				CODE_SIGN_STYLE = Automatic;
				CURRENT_PROJECT_VERSION = 1;
				DEVELOPMENT_ASSET_PATHS = "\"Confstr/Preview Content\"";
				DEVELOPMENT_TEAM = S99A5B637C;
				ENABLE_PREVIEWS = YES;
				GENERATE_INFOPLIST_FILE = YES;
				INFOPLIST_KEY_CFBundleDisplayName = Confstr;
				INFOPLIST_KEY_LSApplicationCategoryType = "public.app-category.reference";
				"INFOPLIST_KEY_UIApplicationSceneManifest_Generation[sdk=iphoneos*]" = YES;
				"INFOPLIST_KEY_UIApplicationSceneManifest_Generation[sdk=iphonesimulator*]" = YES;
				"INFOPLIST_KEY_UIApplicationSupportsIndirectInputEvents[sdk=iphoneos*]" = YES;
				"INFOPLIST_KEY_UIApplicationSupportsIndirectInputEvents[sdk=iphonesimulator*]" = YES;
				"INFOPLIST_KEY_UILaunchScreen_Generation[sdk=iphoneos*]" = YES;
				"INFOPLIST_KEY_UILaunchScreen_Generation[sdk=iphonesimulator*]" = YES;
				"INFOPLIST_KEY_UIStatusBarStyle[sdk=iphoneos*]" = UIStatusBarStyleDefault;
				"INFOPLIST_KEY_UIStatusBarStyle[sdk=iphonesimulator*]" = UIStatusBarStyleDefault;
				INFOPLIST_KEY_UISupportedInterfaceOrientations_iPad = "UIInterfaceOrientationPortrait UIInterfaceOrientationPortraitUpsideDown UIInterfaceOrientationLandscapeLeft UIInterfaceOrientationLandscapeRight";
				INFOPLIST_KEY_UISupportedInterfaceOrientations_iPhone = "UIInterfaceOrientationPortrait UIInterfaceOrientationLandscapeLeft UIInterfaceOrientationLandscapeRight";
				IPHONEOS_DEPLOYMENT_TARGET = 16.0;
				LD_RUNPATH_SEARCH_PATHS = "@executable_path/Frameworks";
				"LD_RUNPATH_SEARCH_PATHS[sdk=macosx*]" = "@executable_path/../Frameworks";
				MACOSX_DEPLOYMENT_TARGET = 13.0;
				MARKETING_VERSION = 0.1;
				PRODUCT_BUNDLE_IDENTIFIER = com.confstr.Confstr;
				PRODUCT_NAME = "$(TARGET_NAME)";
				SDKROOT = auto;
				SUPPORTED_PLATFORMS = "iphoneos iphonesimulator macosx";
				SWIFT_EMIT_LOC_STRINGS = YES;
				SWIFT_VERSION = 5.0;
				TARGETED_DEVICE_FAMILY = "1,2";
			};
			name = Debug;
		};
		3A453DFF2A0B348200897303 /* Release */ = {
			isa = XCBuildConfiguration;
			buildSettings = {
				ASSETCATALOG_COMPILER_APPICON_NAME = AppIcon;
				ASSETCATALOG_COMPILER_GLOBAL_ACCENT_COLOR_NAME = AccentColor;
				CODE_SIGN_ENTITLEMENTS = Confstr/Confstr.entitlements;
				CODE_SIGN_STYLE = Automatic;
				CURRENT_PROJECT_VERSION = 1;
				DEVELOPMENT_ASSET_PATHS = "\"Confstr/Preview Content\"";
				DEVELOPMENT_TEAM = S99A5B637C;
				ENABLE_PREVIEWS = YES;
				GENERATE_INFOPLIST_FILE = YES;
				INFOPLIST_KEY_CFBundleDisplayName = Confstr;
				INFOPLIST_KEY_LSApplicationCategoryType = "public.app-category.reference";
				"INFOPLIST_KEY_UIApplicationSceneManifest_Generation[sdk=iphoneos*]" = YES;
				"INFOPLIST_KEY_UIApplicationSceneManifest_Generation[sdk=iphonesimulator*]" = YES;
				"INFOPLIST_KEY_UIApplicationSupportsIndirectInputEvents[sdk=iphoneos*]" = YES;
				"INFOPLIST_KEY_UIApplicationSupportsIndirectInputEvents[sdk=iphonesimulator*]" = YES;
				"INFOPLIST_KEY_UILaunchScreen_Generation[sdk=iphoneos*]" = YES;
				"INFOPLIST_KEY_UILaunchScreen_Generation[sdk=iphonesimulator*]" = YES;
				"INFOPLIST_KEY_UIStatusBarStyle[sdk=iphoneos*]" = UIStatusBarStyleDefault;
				"INFOPLIST_KEY_UIStatusBarStyle[sdk=iphonesimulator*]" = UIStatusBarStyleDefault;
				INFOPLIST_KEY_UISupportedInterfaceOrientations_iPad = "UIInterfaceOrientationPortrait UIInterfaceOrientationPortraitUpsideDown UIInterfaceOrientationLandscapeLeft UIInterfaceOrientationLandscapeRight";
				INFOPLIST_KEY_UISupportedInterfaceOrientations_iPhone = "UIInterfaceOrientationPortrait UIInterfaceOrientationLandscapeLeft UIInterfaceOrientationLandscapeRight";
				IPHONEOS_DEPLOYMENT_TARGET = 16.0;
				LD_RUNPATH_SEARCH_PATHS = "@executable_path/Frameworks";
				"LD_RUNPATH_SEARCH_PATHS[sdk=macosx*]" = "@executable_path/../Frameworks";
				MACOSX_DEPLOYMENT_TARGET = 13.0;
				MARKETING_VERSION = 0.1;
				PRODUCT_BUNDLE_IDENTIFIER = com.confstr.Confstr;
				PRODUCT_NAME = "$(TARGET_NAME)";
				SDKROOT = auto;
				SUPPORTED_PLATFORMS = "iphoneos iphonesimulator macosx";
				SWIFT_EMIT_LOC_STRINGS = YES;
				SWIFT_VERSION = 5.0;
				TARGETED_DEVICE_FAMILY = "1,2";
			};
			name = Release;
		};
		3A453E012A0B348200897303 /* Debug */ = {
			isa = XCBuildConfiguration;
			buildSettings = {
				ALWAYS_EMBED_SWIFT_STANDARD_LIBRARIES = YES;
				BUNDLE_LOADER = "$(TEST_HOST)";
				CODE_SIGN_STYLE = Automatic;
				CURRENT_PROJECT_VERSION = 1;
				GENERATE_INFOPLIST_FILE = YES;
				IPHONEOS_DEPLOYMENT_TARGET = 16.4;
				MACOSX_DEPLOYMENT_TARGET = 13.3;
				MARKETING_VERSION = 1.0;
				PRODUCT_BUNDLE_IDENTIFIER = com.confstr.ConfstrTests;
				PRODUCT_NAME = "$(TARGET_NAME)";
				SDKROOT = auto;
				SUPPORTED_PLATFORMS = "iphoneos iphonesimulator macosx";
				SWIFT_EMIT_LOC_STRINGS = NO;
				SWIFT_VERSION = 5.0;
				TARGETED_DEVICE_FAMILY = "1,2";
				TEST_HOST = "$(BUILT_PRODUCTS_DIR)/Confstr.app/$(BUNDLE_EXECUTABLE_FOLDER_PATH)/Confstr";
			};
			name = Debug;
		};
		3A453E022A0B348200897303 /* Release */ = {
			isa = XCBuildConfiguration;
			buildSettings = {
				ALWAYS_EMBED_SWIFT_STANDARD_LIBRARIES = YES;
				BUNDLE_LOADER = "$(TEST_HOST)";
				CODE_SIGN_STYLE = Automatic;
				CURRENT_PROJECT_VERSION = 1;
				GENERATE_INFOPLIST_FILE = YES;
				IPHONEOS_DEPLOYMENT_TARGET = 16.4;
				MACOSX_DEPLOYMENT_TARGET = 13.3;
				MARKETING_VERSION = 1.0;
				PRODUCT_BUNDLE_IDENTIFIER = com.confstr.ConfstrTests;
				PRODUCT_NAME = "$(TARGET_NAME)";
				SDKROOT = auto;
				SUPPORTED_PLATFORMS = "iphoneos iphonesimulator macosx";
				SWIFT_EMIT_LOC_STRINGS = NO;
				SWIFT_VERSION = 5.0;
				TARGETED_DEVICE_FAMILY = "1,2";
				TEST_HOST = "$(BUILT_PRODUCTS_DIR)/Confstr.app/$(BUNDLE_EXECUTABLE_FOLDER_PATH)/Confstr";
			};
			name = Release;
		};
		3A453E042A0B348200897303 /* Debug */ = {
			isa = XCBuildConfiguration;
			buildSettings = {
				ALWAYS_EMBED_SWIFT_STANDARD_LIBRARIES = YES;
				CODE_SIGN_STYLE = Automatic;
				CURRENT_PROJECT_VERSION = 1;
				GENERATE_INFOPLIST_FILE = YES;
				IPHONEOS_DEPLOYMENT_TARGET = 16.4;
				MACOSX_DEPLOYMENT_TARGET = 13.3;
				MARKETING_VERSION = 1.0;
				PRODUCT_BUNDLE_IDENTIFIER = com.confstr.ConfstrUITests;
				PRODUCT_NAME = "$(TARGET_NAME)";
				SDKROOT = auto;
				SUPPORTED_PLATFORMS = "iphoneos iphonesimulator macosx";
				SWIFT_EMIT_LOC_STRINGS = NO;
				SWIFT_VERSION = 5.0;
				TARGETED_DEVICE_FAMILY = "1,2";
				TEST_TARGET_NAME = Confstr;
			};
			name = Debug;
		};
		3A453E052A0B348200897303 /* Release */ = {
			isa = XCBuildConfiguration;
			buildSettings = {
				ALWAYS_EMBED_SWIFT_STANDARD_LIBRARIES = YES;
				CODE_SIGN_STYLE = Automatic;
				CURRENT_PROJECT_VERSION = 1;
				GENERATE_INFOPLIST_FILE = YES;
				IPHONEOS_DEPLOYMENT_TARGET = 16.4;
				MACOSX_DEPLOYMENT_TARGET = 13.3;
				MARKETING_VERSION = 1.0;
				PRODUCT_BUNDLE_IDENTIFIER = com.confstr.ConfstrUITests;
				PRODUCT_NAME = "$(TARGET_NAME)";
				SDKROOT = auto;
				SUPPORTED_PLATFORMS = "iphoneos iphonesimulator macosx";
				SWIFT_EMIT_LOC_STRINGS = NO;
				SWIFT_VERSION = 5.0;
				TARGETED_DEVICE_FAMILY = "1,2";
				TEST_TARGET_NAME = Confstr;
			};
			name = Release;
		};
/* End XCBuildConfiguration section */

/* Begin XCConfigurationList section */
		3A453DD32A0B348100897303 /* Build configuration list for PBXProject "Confstr" */ = {
			isa = XCConfigurationList;
			buildConfigurations = (
				3A453DFB2A0B348200897303 /* Debug */,
				3A453DFC2A0B348200897303 /* Release */,
			);
			defaultConfigurationIsVisible = 0;
			defaultConfigurationName = Release;
		};
		3A453DFD2A0B348200897303 /* Build configuration list for PBXNativeTarget "Confstr" */ = {
			isa = XCConfigurationList;
			buildConfigurations = (
				3A453DFE2A0B348200897303 /* Debug */,
				3A453DFF2A0B348200897303 /* Release */,
			);
			defaultConfigurationIsVisible = 0;
			defaultConfigurationName = Release;
		};
		3A453E002A0B348200897303 /* Build configuration list for PBXNativeTarget "ConfstrTests" */ = {
			isa = XCConfigurationList;
			buildConfigurations = (
				3A453E012A0B348200897303 /* Debug */,
				3A453E022A0B348200897303 /* Release */,
			);
			defaultConfigurationIsVisible = 0;
			defaultConfigurationName = Release;
		};
		3A453E032A0B348200897303 /* Build configuration list for PBXNativeTarget "ConfstrUITests" */ = {
			isa = XCConfigurationList;
			buildConfigurations = (
				3A453E042A0B348200897303 /* Debug */,
				3A453E052A0B348200897303 /* Release */,
			);
			defaultConfigurationIsVisible = 0;
			defaultConfigurationName = Release;
		};
/* End XCConfigurationList section */

/* Begin XCRemoteSwiftPackageReference section */
		3A2FF9722A3F6CE2009E1067 /* XCRemoteSwiftPackageReference "nostr-sdk-ios" */ = {
			isa = XCRemoteSwiftPackageReference;
			repositoryURL = "https://github.com/nostr-sdk/nostr-sdk-ios.git";
			requirement = {
				kind = revision;
				revision = 24f14431f2a0d0e84f96aab7134812dc65b951dc;
			};
		};
/* End XCRemoteSwiftPackageReference section */

/* Begin XCSwiftPackageProductDependency section */
		3A2FF9732A3F6CE2009E1067 /* NostrSDK */ = {
			isa = XCSwiftPackageProductDependency;
			package = 3A2FF9722A3F6CE2009E1067 /* XCRemoteSwiftPackageReference "nostr-sdk-ios" */;
			productName = NostrSDK;
		};
/* End XCSwiftPackageProductDependency section */
	};
	rootObject = 3A453DD02A0B348100897303 /* Project object */;
}
